// !$*UTF8*$!
{
	archiveVersion = 1;
	classes = {
	};
	objectVersion = 55;
	objects = {

/* Begin PBXBuildFile section */
		58560BD62811B81600772BA9 /* AppDelegate.swift in Sources */ = {isa = PBXBuildFile; fileRef = 58560BD52811B81600772BA9 /* AppDelegate.swift */; };
		58560BD82811B81600772BA9 /* SceneDelegate.swift in Sources */ = {isa = PBXBuildFile; fileRef = 58560BD72811B81600772BA9 /* SceneDelegate.swift */; };
		58560BDA2811B81600772BA9 /* ViewController.swift in Sources */ = {isa = PBXBuildFile; fileRef = 58560BD92811B81600772BA9 /* ViewController.swift */; };
		58560BDF2811B81900772BA9 /* Assets.xcassets in Resources */ = {isa = PBXBuildFile; fileRef = 58560BDE2811B81900772BA9 /* Assets.xcassets */; };
		58560BE22811B81900772BA9 /* LaunchScreen.storyboard in Resources */ = {isa = PBXBuildFile; fileRef = 58560BE02811B81900772BA9 /* LaunchScreen.storyboard */; };
		58560BED2811B81900772BA9 /* GBShopTests.swift in Sources */ = {isa = PBXBuildFile; fileRef = 58560BEC2811B81900772BA9 /* GBShopTests.swift */; };
		58560BF72811B81900772BA9 /* GBShopUITests.swift in Sources */ = {isa = PBXBuildFile; fileRef = 58560BF62811B81900772BA9 /* GBShopUITests.swift */; };
		58560BF92811B81900772BA9 /* GBShopUITestsLaunchTests.swift in Sources */ = {isa = PBXBuildFile; fileRef = 58560BF82811B81900772BA9 /* GBShopUITestsLaunchTests.swift */; };
		58BFCA512813EC6500F4A76B /* Alamofire in Frameworks */ = {isa = PBXBuildFile; productRef = 58BFCA502813EC6500F4A76B /* Alamofire */; };
		58BFCA572817BE1300F4A76B /* AbstractErrorParser.swift in Sources */ = {isa = PBXBuildFile; fileRef = 58BFCA562817BE1300F4A76B /* AbstractErrorParser.swift */; };
		58BFCA592817BECF00F4A76B /* DataRequest.swift in Sources */ = {isa = PBXBuildFile; fileRef = 58BFCA582817BECF00F4A76B /* DataRequest.swift */; };
		58BFCA5B2817C3B600F4A76B /* AbstractRequestFactory.swift in Sources */ = {isa = PBXBuildFile; fileRef = 58BFCA5A2817C3B600F4A76B /* AbstractRequestFactory.swift */; };
		58BFCA5D2817C63900F4A76B /* RequestRouter.swift in Sources */ = {isa = PBXBuildFile; fileRef = 58BFCA5C2817C63900F4A76B /* RequestRouter.swift */; };
		58BFCA5F2817C8F200F4A76B /* LoginResult.swift in Sources */ = {isa = PBXBuildFile; fileRef = 58BFCA5E2817C8F200F4A76B /* LoginResult.swift */; };
		58BFCA612817C8FF00F4A76B /* User.swift in Sources */ = {isa = PBXBuildFile; fileRef = 58BFCA602817C8FF00F4A76B /* User.swift */; };
		58BFCA642817CA9400F4A76B /* AuthRequestFactory.swift in Sources */ = {isa = PBXBuildFile; fileRef = 58BFCA632817CA9400F4A76B /* AuthRequestFactory.swift */; };
		58BFCA662817CAEF00F4A76B /* Auth.swift in Sources */ = {isa = PBXBuildFile; fileRef = 58BFCA652817CAEF00F4A76B /* Auth.swift */; };
		58BFCA6828180A6A00F4A76B /* RequestFactory.swift in Sources */ = {isa = PBXBuildFile; fileRef = 58BFCA6728180A6A00F4A76B /* RequestFactory.swift */; };
/* End PBXBuildFile section */

/* Begin PBXContainerItemProxy section */
		58560BE92811B81900772BA9 /* PBXContainerItemProxy */ = {
			isa = PBXContainerItemProxy;
			containerPortal = 58560BCA2811B81600772BA9 /* Project object */;
			proxyType = 1;
			remoteGlobalIDString = 58560BD12811B81600772BA9;
			remoteInfo = GBShop;
		};
		58560BF32811B81900772BA9 /* PBXContainerItemProxy */ = {
			isa = PBXContainerItemProxy;
			containerPortal = 58560BCA2811B81600772BA9 /* Project object */;
			proxyType = 1;
			remoteGlobalIDString = 58560BD12811B81600772BA9;
			remoteInfo = GBShop;
		};
/* End PBXContainerItemProxy section */

/* Begin PBXFileReference section */
		58560BD22811B81600772BA9 /* GBShop.app */ = {isa = PBXFileReference; explicitFileType = wrapper.application; includeInIndex = 0; path = GBShop.app; sourceTree = BUILT_PRODUCTS_DIR; };
		58560BD52811B81600772BA9 /* AppDelegate.swift */ = {isa = PBXFileReference; lastKnownFileType = sourcecode.swift; path = AppDelegate.swift; sourceTree = "<group>"; };
		58560BD72811B81600772BA9 /* SceneDelegate.swift */ = {isa = PBXFileReference; lastKnownFileType = sourcecode.swift; path = SceneDelegate.swift; sourceTree = "<group>"; };
		58560BD92811B81600772BA9 /* ViewController.swift */ = {isa = PBXFileReference; lastKnownFileType = sourcecode.swift; path = ViewController.swift; sourceTree = "<group>"; };
		58560BDE2811B81900772BA9 /* Assets.xcassets */ = {isa = PBXFileReference; lastKnownFileType = folder.assetcatalog; path = Assets.xcassets; sourceTree = "<group>"; };
		58560BE12811B81900772BA9 /* Base */ = {isa = PBXFileReference; lastKnownFileType = file.storyboard; name = Base; path = Base.lproj/LaunchScreen.storyboard; sourceTree = "<group>"; };
		58560BE32811B81900772BA9 /* Info.plist */ = {isa = PBXFileReference; lastKnownFileType = text.plist.xml; path = Info.plist; sourceTree = "<group>"; };
		58560BE82811B81900772BA9 /* GBShopTests.xctest */ = {isa = PBXFileReference; explicitFileType = wrapper.cfbundle; includeInIndex = 0; path = GBShopTests.xctest; sourceTree = BUILT_PRODUCTS_DIR; };
		58560BEC2811B81900772BA9 /* GBShopTests.swift */ = {isa = PBXFileReference; lastKnownFileType = sourcecode.swift; path = GBShopTests.swift; sourceTree = "<group>"; };
		58560BF22811B81900772BA9 /* GBShopUITests.xctest */ = {isa = PBXFileReference; explicitFileType = wrapper.cfbundle; includeInIndex = 0; path = GBShopUITests.xctest; sourceTree = BUILT_PRODUCTS_DIR; };
		58560BF62811B81900772BA9 /* GBShopUITests.swift */ = {isa = PBXFileReference; lastKnownFileType = sourcecode.swift; path = GBShopUITests.swift; sourceTree = "<group>"; };
		58560BF82811B81900772BA9 /* GBShopUITestsLaunchTests.swift */ = {isa = PBXFileReference; lastKnownFileType = sourcecode.swift; path = GBShopUITestsLaunchTests.swift; sourceTree = "<group>"; };
		58BFCA562817BE1300F4A76B /* AbstractErrorParser.swift */ = {isa = PBXFileReference; lastKnownFileType = sourcecode.swift; path = AbstractErrorParser.swift; sourceTree = "<group>"; };
		58BFCA582817BECF00F4A76B /* DataRequest.swift */ = {isa = PBXFileReference; lastKnownFileType = sourcecode.swift; path = DataRequest.swift; sourceTree = "<group>"; };
		58BFCA5A2817C3B600F4A76B /* AbstractRequestFactory.swift */ = {isa = PBXFileReference; lastKnownFileType = sourcecode.swift; path = AbstractRequestFactory.swift; sourceTree = "<group>"; };
		58BFCA5C2817C63900F4A76B /* RequestRouter.swift */ = {isa = PBXFileReference; lastKnownFileType = sourcecode.swift; path = RequestRouter.swift; sourceTree = "<group>"; };
		58BFCA5E2817C8F200F4A76B /* LoginResult.swift */ = {isa = PBXFileReference; lastKnownFileType = sourcecode.swift; path = LoginResult.swift; sourceTree = "<group>"; };
		58BFCA602817C8FF00F4A76B /* User.swift */ = {isa = PBXFileReference; lastKnownFileType = sourcecode.swift; path = User.swift; sourceTree = "<group>"; };
		58BFCA632817CA9400F4A76B /* AuthRequestFactory.swift */ = {isa = PBXFileReference; lastKnownFileType = sourcecode.swift; path = AuthRequestFactory.swift; sourceTree = "<group>"; };
		58BFCA652817CAEF00F4A76B /* Auth.swift */ = {isa = PBXFileReference; lastKnownFileType = sourcecode.swift; path = Auth.swift; sourceTree = "<group>"; };
		58BFCA6728180A6A00F4A76B /* RequestFactory.swift */ = {isa = PBXFileReference; lastKnownFileType = sourcecode.swift; path = RequestFactory.swift; sourceTree = "<group>"; };
/* End PBXFileReference section */

/* Begin PBXFrameworksBuildPhase section */
		58560BCF2811B81600772BA9 /* Frameworks */ = {
			isa = PBXFrameworksBuildPhase;
			buildActionMask = 2147483647;
			files = (
				58BFCA512813EC6500F4A76B /* Alamofire in Frameworks */,
			);
			runOnlyForDeploymentPostprocessing = 0;
		};
		58560BE52811B81900772BA9 /* Frameworks */ = {
			isa = PBXFrameworksBuildPhase;
			buildActionMask = 2147483647;
			files = (
			);
			runOnlyForDeploymentPostprocessing = 0;
		};
		58560BEF2811B81900772BA9 /* Frameworks */ = {
			isa = PBXFrameworksBuildPhase;
			buildActionMask = 2147483647;
			files = (
			);
			runOnlyForDeploymentPostprocessing = 0;
		};
/* End PBXFrameworksBuildPhase section */

/* Begin PBXGroup section */
		58560BC92811B81600772BA9 = {
			isa = PBXGroup;
			children = (
				58560BD42811B81600772BA9 /* GBShop */,
				58560BEB2811B81900772BA9 /* GBShopTests */,
				58560BF52811B81900772BA9 /* GBShopUITests */,
				58560BD32811B81600772BA9 /* Products */,
			);
			sourceTree = "<group>";
		};
		58560BD32811B81600772BA9 /* Products */ = {
			isa = PBXGroup;
			children = (
				58560BD22811B81600772BA9 /* GBShop.app */,
				58560BE82811B81900772BA9 /* GBShopTests.xctest */,
				58560BF22811B81900772BA9 /* GBShopUITests.xctest */,
			);
			name = Products;
			sourceTree = "<group>";
		};
		58560BD42811B81600772BA9 /* GBShop */ = {
			isa = PBXGroup;
			children = (
				58560C102811D27700772BA9 /* App */,
				58560C152811D2D800772BA9 /* Core */,
				58560C162811D2FB00772BA9 /* Resources */,
				58560C172811D32000772BA9 /* Environments */,
			);
			path = GBShop;
			sourceTree = "<group>";
		};
		58560BEB2811B81900772BA9 /* GBShopTests */ = {
			isa = PBXGroup;
			children = (
				58560BEC2811B81900772BA9 /* GBShopTests.swift */,
			);
			path = GBShopTests;
			sourceTree = "<group>";
		};
		58560BF52811B81900772BA9 /* GBShopUITests */ = {
			isa = PBXGroup;
			children = (
				58560BF62811B81900772BA9 /* GBShopUITests.swift */,
				58560BF82811B81900772BA9 /* GBShopUITestsLaunchTests.swift */,
			);
			path = GBShopUITests;
			sourceTree = "<group>";
		};
		58560C102811D27700772BA9 /* App */ = {
			isa = PBXGroup;
			children = (
				58560BD52811B81600772BA9 /* AppDelegate.swift */,
				58560BD72811B81600772BA9 /* SceneDelegate.swift */,
				58560C112811D29400772BA9 /* BusinessLogic */,
				58560C122811D2A900772BA9 /* Entity */,
				58560C132811D2BD00772BA9 /* Assembly */,
				58560C142811D2CA00772BA9 /* Flows */,
			);
			path = App;
			sourceTree = "<group>";
		};
		58560C112811D29400772BA9 /* BusinessLogic */ = {
			isa = PBXGroup;
			children = (
				58BFCA622817CA7F00F4A76B /* Network */,
			);
			path = BusinessLogic;
			sourceTree = "<group>";
		};
		58560C122811D2A900772BA9 /* Entity */ = {
			isa = PBXGroup;
			children = (
				58BFCA5E2817C8F200F4A76B /* LoginResult.swift */,
				58BFCA602817C8FF00F4A76B /* User.swift */,
			);
			path = Entity;
			sourceTree = "<group>";
		};
		58560C132811D2BD00772BA9 /* Assembly */ = {
			isa = PBXGroup;
			children = (
			);
			path = Assembly;
			sourceTree = "<group>";
		};
		58560C142811D2CA00772BA9 /* Flows */ = {
			isa = PBXGroup;
			children = (
				58560BD92811B81600772BA9 /* ViewController.swift */,
			);
			path = Flows;
			sourceTree = "<group>";
		};
		58560C152811D2D800772BA9 /* Core */ = {
			isa = PBXGroup;
			children = (
				58BFCA552817BDAE00F4A76B /* Network */,
			);
			path = Core;
			sourceTree = "<group>";
		};
		58560C162811D2FB00772BA9 /* Resources */ = {
			isa = PBXGroup;
			children = (
				58560BDE2811B81900772BA9 /* Assets.xcassets */,
				58560BE02811B81900772BA9 /* LaunchScreen.storyboard */,
			);
			path = Resources;
			sourceTree = "<group>";
		};
		58560C172811D32000772BA9 /* Environments */ = {
			isa = PBXGroup;
			children = (
				58560BE32811B81900772BA9 /* Info.plist */,
			);
			path = Environments;
			sourceTree = "<group>";
		};
		58BFCA552817BDAE00F4A76B /* Network */ = {
			isa = PBXGroup;
			children = (
				58BFCA562817BE1300F4A76B /* AbstractErrorParser.swift */,
				58BFCA582817BECF00F4A76B /* DataRequest.swift */,
				58BFCA5A2817C3B600F4A76B /* AbstractRequestFactory.swift */,
				58BFCA5C2817C63900F4A76B /* RequestRouter.swift */,
			);
			path = Network;
			sourceTree = "<group>";
		};
		58BFCA622817CA7F00F4A76B /* Network */ = {
			isa = PBXGroup;
			children = (
				58BFCA632817CA9400F4A76B /* AuthRequestFactory.swift */,
				58BFCA652817CAEF00F4A76B /* Auth.swift */,
				58BFCA6728180A6A00F4A76B /* RequestFactory.swift */,
			);
			path = Network;
			sourceTree = "<group>";
		};
/* End PBXGroup section */

/* Begin PBXNativeTarget section */
		58560BD12811B81600772BA9 /* GBShop */ = {
			isa = PBXNativeTarget;
			buildConfigurationList = 58560BFC2811B81900772BA9 /* Build configuration list for PBXNativeTarget "GBShop" */;
			buildPhases = (
				58560BCE2811B81600772BA9 /* Sources */,
				58560BCF2811B81600772BA9 /* Frameworks */,
				58560BD02811B81600772BA9 /* Resources */,
			);
			buildRules = (
			);
			dependencies = (
			);
			name = GBShop;
			packageProductDependencies = (
				58BFCA502813EC6500F4A76B /* Alamofire */,
			);
			productName = GBShop;
			productReference = 58560BD22811B81600772BA9 /* GBShop.app */;
			productType = "com.apple.product-type.application";
		};
		58560BE72811B81900772BA9 /* GBShopTests */ = {
			isa = PBXNativeTarget;
			buildConfigurationList = 58560BFF2811B81900772BA9 /* Build configuration list for PBXNativeTarget "GBShopTests" */;
			buildPhases = (
				58560BE42811B81900772BA9 /* Sources */,
				58560BE52811B81900772BA9 /* Frameworks */,
				58560BE62811B81900772BA9 /* Resources */,
			);
			buildRules = (
			);
			dependencies = (
				58560BEA2811B81900772BA9 /* PBXTargetDependency */,
			);
			name = GBShopTests;
			productName = GBShopTests;
			productReference = 58560BE82811B81900772BA9 /* GBShopTests.xctest */;
			productType = "com.apple.product-type.bundle.unit-test";
		};
		58560BF12811B81900772BA9 /* GBShopUITests */ = {
			isa = PBXNativeTarget;
			buildConfigurationList = 58560C022811B81900772BA9 /* Build configuration list for PBXNativeTarget "GBShopUITests" */;
			buildPhases = (
				58560BEE2811B81900772BA9 /* Sources */,
				58560BEF2811B81900772BA9 /* Frameworks */,
				58560BF02811B81900772BA9 /* Resources */,
			);
			buildRules = (
			);
			dependencies = (
				58560BF42811B81900772BA9 /* PBXTargetDependency */,
			);
			name = GBShopUITests;
			productName = GBShopUITests;
			productReference = 58560BF22811B81900772BA9 /* GBShopUITests.xctest */;
			productType = "com.apple.product-type.bundle.ui-testing";
		};
/* End PBXNativeTarget section */

/* Begin PBXProject section */
		58560BCA2811B81600772BA9 /* Project object */ = {
			isa = PBXProject;
			attributes = {
				BuildIndependentTargetsInParallel = 1;
				LastSwiftUpdateCheck = 1330;
				LastUpgradeCheck = 1330;
				TargetAttributes = {
					58560BD12811B81600772BA9 = {
						CreatedOnToolsVersion = 13.3.1;
					};
					58560BE72811B81900772BA9 = {
						CreatedOnToolsVersion = 13.3.1;
						TestTargetID = 58560BD12811B81600772BA9;
					};
					58560BF12811B81900772BA9 = {
						CreatedOnToolsVersion = 13.3.1;
						TestTargetID = 58560BD12811B81600772BA9;
					};
				};
			};
			buildConfigurationList = 58560BCD2811B81600772BA9 /* Build configuration list for PBXProject "GBShop" */;
			compatibilityVersion = "Xcode 13.0";
			developmentRegion = en;
			hasScannedForEncodings = 0;
			knownRegions = (
				en,
				Base,
			);
			mainGroup = 58560BC92811B81600772BA9;
			packageReferences = (
				58BFCA4F2813EC6500F4A76B /* XCRemoteSwiftPackageReference "Alamofire" */,
			);
			productRefGroup = 58560BD32811B81600772BA9 /* Products */;
			projectDirPath = "";
			projectRoot = "";
			targets = (
				58560BD12811B81600772BA9 /* GBShop */,
				58560BE72811B81900772BA9 /* GBShopTests */,
				58560BF12811B81900772BA9 /* GBShopUITests */,
			);
		};
/* End PBXProject section */

/* Begin PBXResourcesBuildPhase section */
		58560BD02811B81600772BA9 /* Resources */ = {
			isa = PBXResourcesBuildPhase;
			buildActionMask = 2147483647;
			files = (
				58560BE22811B81900772BA9 /* LaunchScreen.storyboard in Resources */,
				58560BDF2811B81900772BA9 /* Assets.xcassets in Resources */,
			);
			runOnlyForDeploymentPostprocessing = 0;
		};
		58560BE62811B81900772BA9 /* Resources */ = {
			isa = PBXResourcesBuildPhase;
			buildActionMask = 2147483647;
			files = (
			);
			runOnlyForDeploymentPostprocessing = 0;
		};
		58560BF02811B81900772BA9 /* Resources */ = {
			isa = PBXResourcesBuildPhase;
			buildActionMask = 2147483647;
			files = (
			);
			runOnlyForDeploymentPostprocessing = 0;
		};
/* End PBXResourcesBuildPhase section */

/* Begin PBXSourcesBuildPhase section */
		58560BCE2811B81600772BA9 /* Sources */ = {
			isa = PBXSourcesBuildPhase;
			buildActionMask = 2147483647;
			files = (
				58BFCA6828180A6A00F4A76B /* RequestFactory.swift in Sources */,
				58560BDA2811B81600772BA9 /* ViewController.swift in Sources */,
				58BFCA592817BECF00F4A76B /* DataRequest.swift in Sources */,
				58BFCA642817CA9400F4A76B /* AuthRequestFactory.swift in Sources */,
				58BFCA5D2817C63900F4A76B /* RequestRouter.swift in Sources */,
				58560BD62811B81600772BA9 /* AppDelegate.swift in Sources */,
				58BFCA5F2817C8F200F4A76B /* LoginResult.swift in Sources */,
				58BFCA662817CAEF00F4A76B /* Auth.swift in Sources */,
				58BFCA612817C8FF00F4A76B /* User.swift in Sources */,
				58560BD82811B81600772BA9 /* SceneDelegate.swift in Sources */,
				58BFCA5B2817C3B600F4A76B /* AbstractRequestFactory.swift in Sources */,
				58BFCA572817BE1300F4A76B /* AbstractErrorParser.swift in Sources */,
			);
			runOnlyForDeploymentPostprocessing = 0;
		};
		58560BE42811B81900772BA9 /* Sources */ = {
			isa = PBXSourcesBuildPhase;
			buildActionMask = 2147483647;
			files = (
				58560BED2811B81900772BA9 /* GBShopTests.swift in Sources */,
			);
			runOnlyForDeploymentPostprocessing = 0;
		};
		58560BEE2811B81900772BA9 /* Sources */ = {
			isa = PBXSourcesBuildPhase;
			buildActionMask = 2147483647;
			files = (
				58560BF72811B81900772BA9 /* GBShopUITests.swift in Sources */,
				58560BF92811B81900772BA9 /* GBShopUITestsLaunchTests.swift in Sources */,
			);
			runOnlyForDeploymentPostprocessing = 0;
		};
/* End PBXSourcesBuildPhase section */

/* Begin PBXTargetDependency section */
		58560BEA2811B81900772BA9 /* PBXTargetDependency */ = {
			isa = PBXTargetDependency;
			target = 58560BD12811B81600772BA9 /* GBShop */;
			targetProxy = 58560BE92811B81900772BA9 /* PBXContainerItemProxy */;
		};
		58560BF42811B81900772BA9 /* PBXTargetDependency */ = {
			isa = PBXTargetDependency;
			target = 58560BD12811B81600772BA9 /* GBShop */;
			targetProxy = 58560BF32811B81900772BA9 /* PBXContainerItemProxy */;
		};
/* End PBXTargetDependency section */

/* Begin PBXVariantGroup section */
		58560BE02811B81900772BA9 /* LaunchScreen.storyboard */ = {
			isa = PBXVariantGroup;
			children = (
				58560BE12811B81900772BA9 /* Base */,
			);
			name = LaunchScreen.storyboard;
			sourceTree = "<group>";
		};
/* End PBXVariantGroup section */

/* Begin XCBuildConfiguration section */
		58560BFA2811B81900772BA9 /* Debug */ = {
			isa = XCBuildConfiguration;
			buildSettings = {
				ALWAYS_SEARCH_USER_PATHS = NO;
				CLANG_ANALYZER_NONNULL = YES;
				CLANG_ANALYZER_NUMBER_OBJECT_CONVERSION = YES_AGGRESSIVE;
				CLANG_CXX_LANGUAGE_STANDARD = "gnu++17";
				CLANG_ENABLE_MODULES = YES;
				CLANG_ENABLE_OBJC_ARC = YES;
				CLANG_ENABLE_OBJC_WEAK = YES;
				CLANG_WARN_BLOCK_CAPTURE_AUTORELEASING = YES;
				CLANG_WARN_BOOL_CONVERSION = YES;
				CLANG_WARN_COMMA = YES;
				CLANG_WARN_CONSTANT_CONVERSION = YES;
				CLANG_WARN_DEPRECATED_OBJC_IMPLEMENTATIONS = YES;
				CLANG_WARN_DIRECT_OBJC_ISA_USAGE = YES_ERROR;
				CLANG_WARN_DOCUMENTATION_COMMENTS = YES;
				CLANG_WARN_EMPTY_BODY = YES;
				CLANG_WARN_ENUM_CONVERSION = YES;
				CLANG_WARN_INFINITE_RECURSION = YES;
				CLANG_WARN_INT_CONVERSION = YES;
				CLANG_WARN_NON_LITERAL_NULL_CONVERSION = YES;
				CLANG_WARN_OBJC_IMPLICIT_RETAIN_SELF = YES;
				CLANG_WARN_OBJC_LITERAL_CONVERSION = YES;
				CLANG_WARN_OBJC_ROOT_CLASS = YES_ERROR;
				CLANG_WARN_QUOTED_INCLUDE_IN_FRAMEWORK_HEADER = YES;
				CLANG_WARN_RANGE_LOOP_ANALYSIS = YES;
				CLANG_WARN_STRICT_PROTOTYPES = YES;
				CLANG_WARN_SUSPICIOUS_MOVE = YES;
				CLANG_WARN_UNGUARDED_AVAILABILITY = YES_AGGRESSIVE;
				CLANG_WARN_UNREACHABLE_CODE = YES;
				CLANG_WARN__DUPLICATE_METHOD_MATCH = YES;
				COPY_PHASE_STRIP = NO;
				DEBUG_INFORMATION_FORMAT = dwarf;
				ENABLE_STRICT_OBJC_MSGSEND = YES;
				ENABLE_TESTABILITY = YES;
				GCC_C_LANGUAGE_STANDARD = gnu11;
				GCC_DYNAMIC_NO_PIC = NO;
				GCC_NO_COMMON_BLOCKS = YES;
				GCC_OPTIMIZATION_LEVEL = 0;
				GCC_PREPROCESSOR_DEFINITIONS = (
					"DEBUG=1",
					"$(inherited)",
				);
				GCC_WARN_64_TO_32_BIT_CONVERSION = YES;
				GCC_WARN_ABOUT_RETURN_TYPE = YES_ERROR;
				GCC_WARN_UNDECLARED_SELECTOR = YES;
				GCC_WARN_UNINITIALIZED_AUTOS = YES_AGGRESSIVE;
				GCC_WARN_UNUSED_FUNCTION = YES;
				GCC_WARN_UNUSED_VARIABLE = YES;
				IPHONEOS_DEPLOYMENT_TARGET = 15.4;
				MTL_ENABLE_DEBUG_INFO = INCLUDE_SOURCE;
				MTL_FAST_MATH = YES;
				ONLY_ACTIVE_ARCH = YES;
				SDKROOT = iphoneos;
				SWIFT_ACTIVE_COMPILATION_CONDITIONS = DEBUG;
				SWIFT_OPTIMIZATION_LEVEL = "-Onone";
			};
			name = Debug;
		};
		58560BFB2811B81900772BA9 /* Release */ = {
			isa = XCBuildConfiguration;
			buildSettings = {
				ALWAYS_SEARCH_USER_PATHS = NO;
				CLANG_ANALYZER_NONNULL = YES;
				CLANG_ANALYZER_NUMBER_OBJECT_CONVERSION = YES_AGGRESSIVE;
				CLANG_CXX_LANGUAGE_STANDARD = "gnu++17";
				CLANG_ENABLE_MODULES = YES;
				CLANG_ENABLE_OBJC_ARC = YES;
				CLANG_ENABLE_OBJC_WEAK = YES;
				CLANG_WARN_BLOCK_CAPTURE_AUTORELEASING = YES;
				CLANG_WARN_BOOL_CONVERSION = YES;
				CLANG_WARN_COMMA = YES;
				CLANG_WARN_CONSTANT_CONVERSION = YES;
				CLANG_WARN_DEPRECATED_OBJC_IMPLEMENTATIONS = YES;
				CLANG_WARN_DIRECT_OBJC_ISA_USAGE = YES_ERROR;
				CLANG_WARN_DOCUMENTATION_COMMENTS = YES;
				CLANG_WARN_EMPTY_BODY = YES;
				CLANG_WARN_ENUM_CONVERSION = YES;
				CLANG_WARN_INFINITE_RECURSION = YES;
				CLANG_WARN_INT_CONVERSION = YES;
				CLANG_WARN_NON_LITERAL_NULL_CONVERSION = YES;
				CLANG_WARN_OBJC_IMPLICIT_RETAIN_SELF = YES;
				CLANG_WARN_OBJC_LITERAL_CONVERSION = YES;
				CLANG_WARN_OBJC_ROOT_CLASS = YES_ERROR;
				CLANG_WARN_QUOTED_INCLUDE_IN_FRAMEWORK_HEADER = YES;
				CLANG_WARN_RANGE_LOOP_ANALYSIS = YES;
				CLANG_WARN_STRICT_PROTOTYPES = YES;
				CLANG_WARN_SUSPICIOUS_MOVE = YES;
				CLANG_WARN_UNGUARDED_AVAILABILITY = YES_AGGRESSIVE;
				CLANG_WARN_UNREACHABLE_CODE = YES;
				CLANG_WARN__DUPLICATE_METHOD_MATCH = YES;
				COPY_PHASE_STRIP = NO;
				DEBUG_INFORMATION_FORMAT = "dwarf-with-dsym";
				ENABLE_NS_ASSERTIONS = NO;
				ENABLE_STRICT_OBJC_MSGSEND = YES;
				GCC_C_LANGUAGE_STANDARD = gnu11;
				GCC_NO_COMMON_BLOCKS = YES;
				GCC_WARN_64_TO_32_BIT_CONVERSION = YES;
				GCC_WARN_ABOUT_RETURN_TYPE = YES_ERROR;
				GCC_WARN_UNDECLARED_SELECTOR = YES;
				GCC_WARN_UNINITIALIZED_AUTOS = YES_AGGRESSIVE;
				GCC_WARN_UNUSED_FUNCTION = YES;
				GCC_WARN_UNUSED_VARIABLE = YES;
				IPHONEOS_DEPLOYMENT_TARGET = 15.4;
				MTL_ENABLE_DEBUG_INFO = NO;
				MTL_FAST_MATH = YES;
				SDKROOT = iphoneos;
				SWIFT_COMPILATION_MODE = wholemodule;
				SWIFT_OPTIMIZATION_LEVEL = "-O";
				VALIDATE_PRODUCT = YES;
			};
			name = Release;
		};
		58560BFD2811B81900772BA9 /* Debug */ = {
			isa = XCBuildConfiguration;
			buildSettings = {
				ASSETCATALOG_COMPILER_APPICON_NAME = AppIcon;
				ASSETCATALOG_COMPILER_GLOBAL_ACCENT_COLOR_NAME = AccentColor;
				CODE_SIGN_STYLE = Automatic;
				CURRENT_PROJECT_VERSION = 1;
				DEVELOPMENT_TEAM = V2THZTN36Q;
				GENERATE_INFOPLIST_FILE = YES;
				INFOPLIST_FILE = GBShop/Environments/Info.plist;
				INFOPLIST_KEY_UIApplicationSupportsIndirectInputEvents = YES;
				INFOPLIST_KEY_UILaunchStoryboardName = LaunchScreen;
				INFOPLIST_KEY_UISupportedInterfaceOrientations_iPad = "UIInterfaceOrientationPortrait UIInterfaceOrientationPortraitUpsideDown UIInterfaceOrientationLandscapeLeft UIInterfaceOrientationLandscapeRight";
				INFOPLIST_KEY_UISupportedInterfaceOrientations_iPhone = "UIInterfaceOrientationPortrait UIInterfaceOrientationLandscapeLeft UIInterfaceOrientationLandscapeRight";
				LD_RUNPATH_SEARCH_PATHS = (
					"$(inherited)",
					"@executable_path/Frameworks",
				);
				MARKETING_VERSION = 1.0;
				PRODUCT_BUNDLE_IDENTIFIER = com.company.GBShop;
				PRODUCT_NAME = "$(TARGET_NAME)";
				SWIFT_EMIT_LOC_STRINGS = YES;
				SWIFT_VERSION = 5.0;
				TARGETED_DEVICE_FAMILY = 1;
			};
			name = Debug;
		};
		58560BFE2811B81900772BA9 /* Release */ = {
			isa = XCBuildConfiguration;
			buildSettings = {
				ASSETCATALOG_COMPILER_APPICON_NAME = AppIcon;
				ASSETCATALOG_COMPILER_GLOBAL_ACCENT_COLOR_NAME = AccentColor;
				CODE_SIGN_STYLE = Automatic;
				CURRENT_PROJECT_VERSION = 1;
				DEVELOPMENT_TEAM = V2THZTN36Q;
				GENERATE_INFOPLIST_FILE = YES;
				INFOPLIST_FILE = GBShop/Environments/Info.plist;
				INFOPLIST_KEY_UIApplicationSupportsIndirectInputEvents = YES;
				INFOPLIST_KEY_UILaunchStoryboardName = LaunchScreen;
				INFOPLIST_KEY_UISupportedInterfaceOrientations_iPad = "UIInterfaceOrientationPortrait UIInterfaceOrientationPortraitUpsideDown UIInterfaceOrientationLandscapeLeft UIInterfaceOrientationLandscapeRight";
				INFOPLIST_KEY_UISupportedInterfaceOrientations_iPhone = "UIInterfaceOrientationPortrait UIInterfaceOrientationLandscapeLeft UIInterfaceOrientationLandscapeRight";
				LD_RUNPATH_SEARCH_PATHS = (
					"$(inherited)",
					"@executable_path/Frameworks",
				);
				MARKETING_VERSION = 1.0;
				PRODUCT_BUNDLE_IDENTIFIER = com.company.GBShop;
				PRODUCT_NAME = "$(TARGET_NAME)";
				SWIFT_EMIT_LOC_STRINGS = YES;
				SWIFT_VERSION = 5.0;
				TARGETED_DEVICE_FAMILY = 1;
			};
			name = Release;
		};
		58560C002811B81900772BA9 /* Debug */ = {
			isa = XCBuildConfiguration;
			buildSettings = {
				ALWAYS_EMBED_SWIFT_STANDARD_LIBRARIES = YES;
				BUNDLE_LOADER = "$(TEST_HOST)";
				CODE_SIGN_STYLE = Automatic;
				CURRENT_PROJECT_VERSION = 1;
				DEVELOPMENT_TEAM = V2THZTN36Q;
				GENERATE_INFOPLIST_FILE = YES;
				IPHONEOS_DEPLOYMENT_TARGET = 15.4;
				MARKETING_VERSION = 1.0;
				PRODUCT_BUNDLE_IDENTIFIER = com.company.GBShopTests;
				PRODUCT_NAME = "$(TARGET_NAME)";
				SWIFT_EMIT_LOC_STRINGS = NO;
				SWIFT_VERSION = 5.0;
				TARGETED_DEVICE_FAMILY = "1,2";
				TEST_HOST = "$(BUILT_PRODUCTS_DIR)/GBShop.app/GBShop";
			};
			name = Debug;
		};
		58560C012811B81900772BA9 /* Release */ = {
			isa = XCBuildConfiguration;
			buildSettings = {
				ALWAYS_EMBED_SWIFT_STANDARD_LIBRARIES = YES;
				BUNDLE_LOADER = "$(TEST_HOST)";
				CODE_SIGN_STYLE = Automatic;
				CURRENT_PROJECT_VERSION = 1;
				DEVELOPMENT_TEAM = V2THZTN36Q;
				GENERATE_INFOPLIST_FILE = YES;
				IPHONEOS_DEPLOYMENT_TARGET = 15.4;
				MARKETING_VERSION = 1.0;
				PRODUCT_BUNDLE_IDENTIFIER = com.company.GBShopTests;
				PRODUCT_NAME = "$(TARGET_NAME)";
				SWIFT_EMIT_LOC_STRINGS = NO;
				SWIFT_VERSION = 5.0;
				TARGETED_DEVICE_FAMILY = "1,2";
				TEST_HOST = "$(BUILT_PRODUCTS_DIR)/GBShop.app/GBShop";
			};
			name = Release;
		};
		58560C032811B81900772BA9 /* Debug */ = {
			isa = XCBuildConfiguration;
			buildSettings = {
				ALWAYS_EMBED_SWIFT_STANDARD_LIBRARIES = YES;
				CODE_SIGN_STYLE = Automatic;
				CURRENT_PROJECT_VERSION = 1;
				DEVELOPMENT_TEAM = V2THZTN36Q;
				GENERATE_INFOPLIST_FILE = YES;
				MARKETING_VERSION = 1.0;
				PRODUCT_BUNDLE_IDENTIFIER = com.company.GBShopUITests;
				PRODUCT_NAME = "$(TARGET_NAME)";
				SWIFT_EMIT_LOC_STRINGS = NO;
				SWIFT_VERSION = 5.0;
				TARGETED_DEVICE_FAMILY = "1,2";
				TEST_TARGET_NAME = GBShop;
			};
			name = Debug;
		};
		58560C042811B81900772BA9 /* Release */ = {
			isa = XCBuildConfiguration;
			buildSettings = {
				ALWAYS_EMBED_SWIFT_STANDARD_LIBRARIES = YES;
				CODE_SIGN_STYLE = Automatic;
				CURRENT_PROJECT_VERSION = 1;
				DEVELOPMENT_TEAM = V2THZTN36Q;
				GENERATE_INFOPLIST_FILE = YES;
				MARKETING_VERSION = 1.0;
				PRODUCT_BUNDLE_IDENTIFIER = com.company.GBShopUITests;
				PRODUCT_NAME = "$(TARGET_NAME)";
				SWIFT_EMIT_LOC_STRINGS = NO;
				SWIFT_VERSION = 5.0;
				TARGETED_DEVICE_FAMILY = "1,2";
				TEST_TARGET_NAME = GBShop;
			};
			name = Release;
		};
/* End XCBuildConfiguration section */

/* Begin XCConfigurationList section */
		58560BCD2811B81600772BA9 /* Build configuration list for PBXProject "GBShop" */ = {
			isa = XCConfigurationList;
			buildConfigurations = (
				58560BFA2811B81900772BA9 /* Debug */,
				58560BFB2811B81900772BA9 /* Release */,
			);
			defaultConfigurationIsVisible = 0;
			defaultConfigurationName = Release;
		};
		58560BFC2811B81900772BA9 /* Build configuration list for PBXNativeTarget "GBShop" */ = {
			isa = XCConfigurationList;
			buildConfigurations = (
				58560BFD2811B81900772BA9 /* Debug */,
				58560BFE2811B81900772BA9 /* Release */,
			);
			defaultConfigurationIsVisible = 0;
			defaultConfigurationName = Release;
		};
		58560BFF2811B81900772BA9 /* Build configuration list for PBXNativeTarget "GBShopTests" */ = {
			isa = XCConfigurationList;
			buildConfigurations = (
				58560C002811B81900772BA9 /* Debug */,
				58560C012811B81900772BA9 /* Release */,
			);
			defaultConfigurationIsVisible = 0;
			defaultConfigurationName = Release;
		};
		58560C022811B81900772BA9 /* Build configuration list for PBXNativeTarget "GBShopUITests" */ = {
			isa = XCConfigurationList;
			buildConfigurations = (
				58560C032811B81900772BA9 /* Debug */,
				58560C042811B81900772BA9 /* Release */,
			);
			defaultConfigurationIsVisible = 0;
			defaultConfigurationName = Release;
		};
/* End XCConfigurationList section */

/* Begin XCRemoteSwiftPackageReference section */
		58BFCA4F2813EC6500F4A76B /* XCRemoteSwiftPackageReference "Alamofire" */ = {
			isa = XCRemoteSwiftPackageReference;
			repositoryURL = "https://github.com/Alamofire/Alamofire.git";
			requirement = {
				kind = upToNextMajorVersion;
				minimumVersion = 5.6.1;
			};
		};
/* End XCRemoteSwiftPackageReference section */

/* Begin XCSwiftPackageProductDependency section */
		58BFCA502813EC6500F4A76B /* Alamofire */ = {
			isa = XCSwiftPackageProductDependency;
			package = 58BFCA4F2813EC6500F4A76B /* XCRemoteSwiftPackageReference "Alamofire" */;
			productName = Alamofire;
		};
/* End XCSwiftPackageProductDependency section */
	};
	rootObject = 58560BCA2811B81600772BA9 /* Project object */;
}
