// !$*UTF8*$!
{
	archiveVersion = 1;
	classes = {
	};
	objectVersion = 55;
	objects = {

/* Begin PBXBuildFile section */
		524E5ED3284A6F3E00CE16C3 /* DefaultResult.swift in Sources */ = {isa = PBXBuildFile; fileRef = 524E5ED2284A6F3E00CE16C3 /* DefaultResult.swift */; };
		524E5ED5284A706D00CE16C3 /* RegistrationRequest.swift in Sources */ = {isa = PBXBuildFile; fileRef = 524E5ED4284A706D00CE16C3 /* RegistrationRequest.swift */; };
		524E5ED7284A75C000CE16C3 /* ChangeUserDataRequest.swift in Sources */ = {isa = PBXBuildFile; fileRef = 524E5ED6284A75C000CE16C3 /* ChangeUserDataRequest.swift */; };
		524E5ED9284A794000CE16C3 /* LoginRequest.swift in Sources */ = {isa = PBXBuildFile; fileRef = 524E5ED8284A794000CE16C3 /* LoginRequest.swift */; };
		524E5EDB284A7CDF00CE16C3 /* LogoutRequest.swift in Sources */ = {isa = PBXBuildFile; fileRef = 524E5EDA284A7CDF00CE16C3 /* LogoutRequest.swift */; };
		524E5EDF284A7F7100CE16C3 /* GetReviewsRequest.swift in Sources */ = {isa = PBXBuildFile; fileRef = 524E5EDE284A7F7100CE16C3 /* GetReviewsRequest.swift */; };
		524E5EE1284A823A00CE16C3 /* RemoveReviewRequest.swift in Sources */ = {isa = PBXBuildFile; fileRef = 524E5EE0284A823A00CE16C3 /* RemoveReviewRequest.swift */; };
		524E5EE3284A828D00CE16C3 /* AddReviewRequest.swift in Sources */ = {isa = PBXBuildFile; fileRef = 524E5EE2284A828D00CE16C3 /* AddReviewRequest.swift */; };
		524E5EE7284A8B2900CE16C3 /* GoodByIdRequest.swift in Sources */ = {isa = PBXBuildFile; fileRef = 524E5EE6284A8B2900CE16C3 /* GoodByIdRequest.swift */; };
		524E5EE9284A8B8000CE16C3 /* GoodsListRequest.swift in Sources */ = {isa = PBXBuildFile; fileRef = 524E5EE8284A8B8000CE16C3 /* GoodsListRequest.swift */; };
		524E5EED284A8E3300CE16C3 /* AddToCartRequest.swift in Sources */ = {isa = PBXBuildFile; fileRef = 524E5EEC284A8E3300CE16C3 /* AddToCartRequest.swift */; };
		524E5EEF284A8E8400CE16C3 /* PayCartRequest.swift in Sources */ = {isa = PBXBuildFile; fileRef = 524E5EEE284A8E8400CE16C3 /* PayCartRequest.swift */; };
		524E5EF1284A8EBB00CE16C3 /* RemoveFromCartRequest.swift in Sources */ = {isa = PBXBuildFile; fileRef = 524E5EF0284A8EBA00CE16C3 /* RemoveFromCartRequest.swift */; };
		5255DA57283EA7A6003A3FB2 /* RemoveReviewRequestFactory.swift in Sources */ = {isa = PBXBuildFile; fileRef = 5255DA56283EA7A6003A3FB2 /* RemoveReviewRequestFactory.swift */; };
		5255DA59283EA809003A3FB2 /* ReviewsRequestFactory.swift in Sources */ = {isa = PBXBuildFile; fileRef = 5255DA58283EA809003A3FB2 /* ReviewsRequestFactory.swift */; };
		5255DA5B283EA850003A3FB2 /* GetReviewsResult.swift in Sources */ = {isa = PBXBuildFile; fileRef = 5255DA5A283EA850003A3FB2 /* GetReviewsResult.swift */; };
		5255DA60283EA9E7003A3FB2 /* ReviewTests.swift in Sources */ = {isa = PBXBuildFile; fileRef = 5255DA5F283EA9E7003A3FB2 /* ReviewTests.swift */; };
		52741B51284CEC44003E91F4 /* RegistrationView.swift in Sources */ = {isa = PBXBuildFile; fileRef = 52741B50284CEC44003E91F4 /* RegistrationView.swift */; };
		52741B54284CEC8F003E91F4 /* SnapKit in Frameworks */ = {isa = PBXBuildFile; productRef = 52741B53284CEC8F003E91F4 /* SnapKit */; };
		52741B56284D324E003E91F4 /* SceneBuilder.swift in Sources */ = {isa = PBXBuildFile; fileRef = 52741B55284D324E003E91F4 /* SceneBuilder.swift */; };
		52741B58284DC050003E91F4 /* LoginView.swift in Sources */ = {isa = PBXBuildFile; fileRef = 52741B57284DC050003E91F4 /* LoginView.swift */; };
		52741B5A284DC52C003E91F4 /* LoginViewController.swift in Sources */ = {isa = PBXBuildFile; fileRef = 52741B59284DC52C003E91F4 /* LoginViewController.swift */; };
		52741B5C284DD2C6003E91F4 /* CurrentUser.swift in Sources */ = {isa = PBXBuildFile; fileRef = 52741B5B284DD2C6003E91F4 /* CurrentUser.swift */; };
		52741B60284DD7A6003E91F4 /* TabBarViewController.swift in Sources */ = {isa = PBXBuildFile; fileRef = 52741B5F284DD7A6003E91F4 /* TabBarViewController.swift */; };
		52741B63284DD979003E91F4 /* ProfileView.swift in Sources */ = {isa = PBXBuildFile; fileRef = 52741B62284DD979003E91F4 /* ProfileView.swift */; };
		52741B65284DD985003E91F4 /* ProfileViewController.swift in Sources */ = {isa = PBXBuildFile; fileRef = 52741B64284DD985003E91F4 /* ProfileViewController.swift */; };
		5276A99228427215004ADBD1 /* AddToCartRequestFactory.swift in Sources */ = {isa = PBXBuildFile; fileRef = 5276A99128427215004ADBD1 /* AddToCartRequestFactory.swift */; };
		5276A998284274CD004ADBD1 /* Cart.swift in Sources */ = {isa = PBXBuildFile; fileRef = 5276A997284274CD004ADBD1 /* Cart.swift */; };
		5276A99A2842769F004ADBD1 /* CartTests.swift in Sources */ = {isa = PBXBuildFile; fileRef = 5276A9992842769F004ADBD1 /* CartTests.swift */; };
		5276A99C284278C4004ADBD1 /* RemoveFromCartRequestFactory.swift in Sources */ = {isa = PBXBuildFile; fileRef = 5276A99B284278C4004ADBD1 /* RemoveFromCartRequestFactory.swift */; };
		5276A9A428435C64004ADBD1 /* PayCartRequestFactory.swift in Sources */ = {isa = PBXBuildFile; fileRef = 5276A9A328435C64004ADBD1 /* PayCartRequestFactory.swift */; };
		52A1DE85283C0D7B00127533 /* AddReviewRequestFactory.swift in Sources */ = {isa = PBXBuildFile; fileRef = 52A1DE84283C0D7B00127533 /* AddReviewRequestFactory.swift */; };
		52A1DE86283C0D7B00127533 /* Review.swift in Sources */ = {isa = PBXBuildFile; fileRef = 521E08C7283C064D009938BA /* Review.swift */; };
		52C9207C2852315A0012019A /* CartViewController.swift in Sources */ = {isa = PBXBuildFile; fileRef = 52C9207B2852315A0012019A /* CartViewController.swift */; };
		52C9207E285249D00012019A /* GetCartRequest.swift in Sources */ = {isa = PBXBuildFile; fileRef = 52C9207D285249D00012019A /* GetCartRequest.swift */; };
		52C92080285249F80012019A /* GetCartResult.swift in Sources */ = {isa = PBXBuildFile; fileRef = 52C9207F285249F80012019A /* GetCartResult.swift */; };
		52C9208228524B2D0012019A /* GetCartRequestFactory.swift in Sources */ = {isa = PBXBuildFile; fileRef = 52C9208128524B2D0012019A /* GetCartRequestFactory.swift */; };
		52C92084285259770012019A /* CartTableViewCell.swift in Sources */ = {isa = PBXBuildFile; fileRef = 52C92083285259770012019A /* CartTableViewCell.swift */; };
		52EC538C284E60130020A530 /* GoodsListViewController.swift in Sources */ = {isa = PBXBuildFile; fileRef = 52EC538B284E60130020A530 /* GoodsListViewController.swift */; };
		52EC538E284E61C00020A530 /* GoodsTableViewCell.swift in Sources */ = {isa = PBXBuildFile; fileRef = 52EC538D284E61C00020A530 /* GoodsTableViewCell.swift */; };
		52EC5391284FD0960020A530 /* ProductViewController.swift in Sources */ = {isa = PBXBuildFile; fileRef = 52EC5390284FD0960020A530 /* ProductViewController.swift */; };
		52EC5393284FD1000020A530 /* DetailProductViewController.swift in Sources */ = {isa = PBXBuildFile; fileRef = 52EC5392284FD1000020A530 /* DetailProductViewController.swift */; };
		52EC5395284FD1270020A530 /* ReviewViewController.swift in Sources */ = {isa = PBXBuildFile; fileRef = 52EC5394284FD1270020A530 /* ReviewViewController.swift */; };
		52EC5397284FD17A0020A530 /* ReviewView.swift in Sources */ = {isa = PBXBuildFile; fileRef = 52EC5396284FD17A0020A530 /* ReviewView.swift */; };
		52EC5399284FD2700020A530 /* ProductView.swift in Sources */ = {isa = PBXBuildFile; fileRef = 52EC5398284FD2700020A530 /* ProductView.swift */; };
		583CDC00281951AA000AC807 /* AuthTests.swift in Sources */ = {isa = PBXBuildFile; fileRef = 583CDBFF281951A9000AC807 /* AuthTests.swift */; };
		583CDC0228198613000AC807 /* GoodsTests.swift in Sources */ = {isa = PBXBuildFile; fileRef = 583CDC0128198613000AC807 /* GoodsTests.swift */; };
		583CDC0428198B25000AC807 /* GoodsListRequestFactory.swift in Sources */ = {isa = PBXBuildFile; fileRef = 583CDC0328198B25000AC807 /* GoodsListRequestFactory.swift */; };
		583CDC0628198EDE000AC807 /* GoodsListResult.swift in Sources */ = {isa = PBXBuildFile; fileRef = 583CDC0528198EDE000AC807 /* GoodsListResult.swift */; };
		583CDC0A28199585000AC807 /* Goods.swift in Sources */ = {isa = PBXBuildFile; fileRef = 583CDC0928199585000AC807 /* Goods.swift */; };
		583CDC0C2819A551000AC807 /* GoodByIdResult.swift in Sources */ = {isa = PBXBuildFile; fileRef = 583CDC0B2819A551000AC807 /* GoodByIdResult.swift */; };
		583CDC0E2819A63F000AC807 /* GoodsByIdRequestFactory.swift in Sources */ = {isa = PBXBuildFile; fileRef = 583CDC0D2819A63F000AC807 /* GoodsByIdRequestFactory.swift */; };
		58560BD62811B81600772BA9 /* AppDelegate.swift in Sources */ = {isa = PBXBuildFile; fileRef = 58560BD52811B81600772BA9 /* AppDelegate.swift */; };
		58560BD82811B81600772BA9 /* SceneDelegate.swift in Sources */ = {isa = PBXBuildFile; fileRef = 58560BD72811B81600772BA9 /* SceneDelegate.swift */; };
		58560BDA2811B81600772BA9 /* RegistrationViewController.swift in Sources */ = {isa = PBXBuildFile; fileRef = 58560BD92811B81600772BA9 /* RegistrationViewController.swift */; };
		58560BDF2811B81900772BA9 /* Assets.xcassets in Resources */ = {isa = PBXBuildFile; fileRef = 58560BDE2811B81900772BA9 /* Assets.xcassets */; };
		58560BE22811B81900772BA9 /* LaunchScreen.storyboard in Resources */ = {isa = PBXBuildFile; fileRef = 58560BE02811B81900772BA9 /* LaunchScreen.storyboard */; };
		58560BF72811B81900772BA9 /* AuthUITests.swift in Sources */ = {isa = PBXBuildFile; fileRef = 58560BF62811B81900772BA9 /* AuthUITests.swift */; };
		58560BF92811B81900772BA9 /* GBShopUITestsLaunchTests.swift in Sources */ = {isa = PBXBuildFile; fileRef = 58560BF82811B81900772BA9 /* GBShopUITestsLaunchTests.swift */; };
		5881297A281DC09F00989C34 /* APIProtocol.swift in Sources */ = {isa = PBXBuildFile; fileRef = 58812979281DC09F00989C34 /* APIProtocol.swift */; };
		5881297C281DC0DF00989C34 /* API.swift in Sources */ = {isa = PBXBuildFile; fileRef = 5881297B281DC0DF00989C34 /* API.swift */; };
		58BFCA512813EC6500F4A76B /* Alamofire in Frameworks */ = {isa = PBXBuildFile; productRef = 58BFCA502813EC6500F4A76B /* Alamofire */; };
		58BFCA572817BE1300F4A76B /* AbstractErrorParser.swift in Sources */ = {isa = PBXBuildFile; fileRef = 58BFCA562817BE1300F4A76B /* AbstractErrorParser.swift */; };
		58BFCA592817BECF00F4A76B /* DataRequest.swift in Sources */ = {isa = PBXBuildFile; fileRef = 58BFCA582817BECF00F4A76B /* DataRequest.swift */; };
		58BFCA5B2817C3B600F4A76B /* AbstractRequestFactory.swift in Sources */ = {isa = PBXBuildFile; fileRef = 58BFCA5A2817C3B600F4A76B /* AbstractRequestFactory.swift */; };
		58BFCA5D2817C63900F4A76B /* RequestRouter.swift in Sources */ = {isa = PBXBuildFile; fileRef = 58BFCA5C2817C63900F4A76B /* RequestRouter.swift */; };
		58BFCA5F2817C8F200F4A76B /* LoginResult.swift in Sources */ = {isa = PBXBuildFile; fileRef = 58BFCA5E2817C8F200F4A76B /* LoginResult.swift */; };
		58BFCA642817CA9400F4A76B /* LoginRequestFactory.swift in Sources */ = {isa = PBXBuildFile; fileRef = 58BFCA632817CA9400F4A76B /* LoginRequestFactory.swift */; };
		58BFCA662817CAEF00F4A76B /* Auth.swift in Sources */ = {isa = PBXBuildFile; fileRef = 58BFCA652817CAEF00F4A76B /* Auth.swift */; };
		58BFCA6828180A6A00F4A76B /* RequestFactory.swift in Sources */ = {isa = PBXBuildFile; fileRef = 58BFCA6728180A6A00F4A76B /* RequestFactory.swift */; };
		58BFCA6A28181D3300F4A76B /* LogoutRequestFactory.swift in Sources */ = {isa = PBXBuildFile; fileRef = 58BFCA6928181D3300F4A76B /* LogoutRequestFactory.swift */; };
		58BFCA70281846A900F4A76B /* RegistrationRequestFactory.swift in Sources */ = {isa = PBXBuildFile; fileRef = 58BFCA6F281846A900F4A76B /* RegistrationRequestFactory.swift */; };
		58BFCA7428184BD800F4A76B /* ChangeUserDataRequestFactory.swift in Sources */ = {isa = PBXBuildFile; fileRef = 58BFCA7328184BD800F4A76B /* ChangeUserDataRequestFactory.swift */; };
/* End PBXBuildFile section */

/* Begin PBXContainerItemProxy section */
		58560BE92811B81900772BA9 /* PBXContainerItemProxy */ = {
			isa = PBXContainerItemProxy;
			containerPortal = 58560BCA2811B81600772BA9 /* Project object */;
			proxyType = 1;
			remoteGlobalIDString = 58560BD12811B81600772BA9;
			remoteInfo = GBShop;
		};
		58560BF32811B81900772BA9 /* PBXContainerItemProxy */ = {
			isa = PBXContainerItemProxy;
			containerPortal = 58560BCA2811B81600772BA9 /* Project object */;
			proxyType = 1;
			remoteGlobalIDString = 58560BD12811B81600772BA9;
			remoteInfo = GBShop;
		};
/* End PBXContainerItemProxy section */

/* Begin PBXFileReference section */
		521E08C7283C064D009938BA /* Review.swift */ = {isa = PBXFileReference; lastKnownFileType = sourcecode.swift; name = Review.swift; path = GBShop/App/BusinessLogic/Network/Review/Review.swift; sourceTree = SOURCE_ROOT; };
		524E5ED2284A6F3E00CE16C3 /* DefaultResult.swift */ = {isa = PBXFileReference; lastKnownFileType = sourcecode.swift; path = DefaultResult.swift; sourceTree = "<group>"; };
		524E5ED4284A706D00CE16C3 /* RegistrationRequest.swift */ = {isa = PBXFileReference; lastKnownFileType = sourcecode.swift; path = RegistrationRequest.swift; sourceTree = "<group>"; };
		524E5ED6284A75C000CE16C3 /* ChangeUserDataRequest.swift */ = {isa = PBXFileReference; lastKnownFileType = sourcecode.swift; path = ChangeUserDataRequest.swift; sourceTree = "<group>"; };
		524E5ED8284A794000CE16C3 /* LoginRequest.swift */ = {isa = PBXFileReference; lastKnownFileType = sourcecode.swift; path = LoginRequest.swift; sourceTree = "<group>"; };
		524E5EDA284A7CDF00CE16C3 /* LogoutRequest.swift */ = {isa = PBXFileReference; lastKnownFileType = sourcecode.swift; path = LogoutRequest.swift; sourceTree = "<group>"; };
		524E5EDE284A7F7100CE16C3 /* GetReviewsRequest.swift */ = {isa = PBXFileReference; lastKnownFileType = sourcecode.swift; path = GetReviewsRequest.swift; sourceTree = "<group>"; };
		524E5EE0284A823A00CE16C3 /* RemoveReviewRequest.swift */ = {isa = PBXFileReference; lastKnownFileType = sourcecode.swift; path = RemoveReviewRequest.swift; sourceTree = "<group>"; };
		524E5EE2284A828D00CE16C3 /* AddReviewRequest.swift */ = {isa = PBXFileReference; lastKnownFileType = sourcecode.swift; path = AddReviewRequest.swift; sourceTree = "<group>"; };
		524E5EE6284A8B2900CE16C3 /* GoodByIdRequest.swift */ = {isa = PBXFileReference; lastKnownFileType = sourcecode.swift; path = GoodByIdRequest.swift; sourceTree = "<group>"; };
		524E5EE8284A8B8000CE16C3 /* GoodsListRequest.swift */ = {isa = PBXFileReference; lastKnownFileType = sourcecode.swift; path = GoodsListRequest.swift; sourceTree = "<group>"; };
		524E5EEC284A8E3300CE16C3 /* AddToCartRequest.swift */ = {isa = PBXFileReference; lastKnownFileType = sourcecode.swift; path = AddToCartRequest.swift; sourceTree = "<group>"; };
		524E5EEE284A8E8400CE16C3 /* PayCartRequest.swift */ = {isa = PBXFileReference; lastKnownFileType = sourcecode.swift; path = PayCartRequest.swift; sourceTree = "<group>"; };
		524E5EF0284A8EBA00CE16C3 /* RemoveFromCartRequest.swift */ = {isa = PBXFileReference; lastKnownFileType = sourcecode.swift; path = RemoveFromCartRequest.swift; sourceTree = "<group>"; };
		5255DA56283EA7A6003A3FB2 /* RemoveReviewRequestFactory.swift */ = {isa = PBXFileReference; lastKnownFileType = sourcecode.swift; name = RemoveReviewRequestFactory.swift; path = GBShop/App/BusinessLogic/Network/Review/RemoveReviewRequestFactory.swift; sourceTree = SOURCE_ROOT; };
		5255DA58283EA809003A3FB2 /* ReviewsRequestFactory.swift */ = {isa = PBXFileReference; lastKnownFileType = sourcecode.swift; name = ReviewsRequestFactory.swift; path = GBShop/App/BusinessLogic/Network/Review/ReviewsRequestFactory.swift; sourceTree = SOURCE_ROOT; };
		5255DA5A283EA850003A3FB2 /* GetReviewsResult.swift */ = {isa = PBXFileReference; lastKnownFileType = sourcecode.swift; name = GetReviewsResult.swift; path = GBShop/App/Entity/Review/Result/GetReviewsResult.swift; sourceTree = SOURCE_ROOT; };
		5255DA5F283EA9E7003A3FB2 /* ReviewTests.swift */ = {isa = PBXFileReference; lastKnownFileType = sourcecode.swift; name = ReviewTests.swift; path = GBShopTests/ReviewTests.swift; sourceTree = SOURCE_ROOT; };
		52741B50284CEC44003E91F4 /* RegistrationView.swift */ = {isa = PBXFileReference; lastKnownFileType = sourcecode.swift; path = RegistrationView.swift; sourceTree = "<group>"; };
		52741B55284D324E003E91F4 /* SceneBuilder.swift */ = {isa = PBXFileReference; lastKnownFileType = sourcecode.swift; path = SceneBuilder.swift; sourceTree = "<group>"; };
		52741B57284DC050003E91F4 /* LoginView.swift */ = {isa = PBXFileReference; lastKnownFileType = sourcecode.swift; path = LoginView.swift; sourceTree = "<group>"; };
		52741B59284DC52C003E91F4 /* LoginViewController.swift */ = {isa = PBXFileReference; lastKnownFileType = sourcecode.swift; path = LoginViewController.swift; sourceTree = "<group>"; };
		52741B5B284DD2C6003E91F4 /* CurrentUser.swift */ = {isa = PBXFileReference; lastKnownFileType = sourcecode.swift; path = CurrentUser.swift; sourceTree = "<group>"; };
		52741B5F284DD7A6003E91F4 /* TabBarViewController.swift */ = {isa = PBXFileReference; lastKnownFileType = sourcecode.swift; path = TabBarViewController.swift; sourceTree = "<group>"; };
		52741B62284DD979003E91F4 /* ProfileView.swift */ = {isa = PBXFileReference; lastKnownFileType = sourcecode.swift; path = ProfileView.swift; sourceTree = "<group>"; };
		52741B64284DD985003E91F4 /* ProfileViewController.swift */ = {isa = PBXFileReference; lastKnownFileType = sourcecode.swift; path = ProfileViewController.swift; sourceTree = "<group>"; };
		5276A99128427215004ADBD1 /* AddToCartRequestFactory.swift */ = {isa = PBXFileReference; lastKnownFileType = sourcecode.swift; name = AddToCartRequestFactory.swift; path = GBShop/App/BusinessLogic/Network/Cart/AddToCartRequestFactory.swift; sourceTree = SOURCE_ROOT; };
		5276A997284274CD004ADBD1 /* Cart.swift */ = {isa = PBXFileReference; lastKnownFileType = sourcecode.swift; name = Cart.swift; path = GBShop/App/BusinessLogic/Network/Cart/Cart.swift; sourceTree = SOURCE_ROOT; };
		5276A9992842769F004ADBD1 /* CartTests.swift */ = {isa = PBXFileReference; lastKnownFileType = sourcecode.swift; name = CartTests.swift; path = GBShopTests/CartTests.swift; sourceTree = SOURCE_ROOT; };
		5276A99B284278C4004ADBD1 /* RemoveFromCartRequestFactory.swift */ = {isa = PBXFileReference; lastKnownFileType = sourcecode.swift; name = RemoveFromCartRequestFactory.swift; path = GBShop/App/BusinessLogic/Network/Cart/RemoveFromCartRequestFactory.swift; sourceTree = SOURCE_ROOT; };
		5276A9A328435C64004ADBD1 /* PayCartRequestFactory.swift */ = {isa = PBXFileReference; lastKnownFileType = sourcecode.swift; path = PayCartRequestFactory.swift; sourceTree = "<group>"; };
		52A1DE84283C0D7B00127533 /* AddReviewRequestFactory.swift */ = {isa = PBXFileReference; lastKnownFileType = sourcecode.swift; name = AddReviewRequestFactory.swift; path = GBShop/App/BusinessLogic/Network/Review/AddReviewRequestFactory.swift; sourceTree = SOURCE_ROOT; };
		52C9207B2852315A0012019A /* CartViewController.swift */ = {isa = PBXFileReference; lastKnownFileType = sourcecode.swift; path = CartViewController.swift; sourceTree = "<group>"; };
		52C9207D285249D00012019A /* GetCartRequest.swift */ = {isa = PBXFileReference; lastKnownFileType = sourcecode.swift; path = GetCartRequest.swift; sourceTree = "<group>"; };
		52C9207F285249F80012019A /* GetCartResult.swift */ = {isa = PBXFileReference; lastKnownFileType = sourcecode.swift; name = GetCartResult.swift; path = GBShop/App/Entity/Cart/Result/GetCartResult.swift; sourceTree = SOURCE_ROOT; };
		52C9208128524B2D0012019A /* GetCartRequestFactory.swift */ = {isa = PBXFileReference; lastKnownFileType = sourcecode.swift; path = GetCartRequestFactory.swift; sourceTree = "<group>"; };
		52C92083285259770012019A /* CartTableViewCell.swift */ = {isa = PBXFileReference; lastKnownFileType = sourcecode.swift; path = CartTableViewCell.swift; sourceTree = "<group>"; };
		52EC538B284E60130020A530 /* GoodsListViewController.swift */ = {isa = PBXFileReference; lastKnownFileType = sourcecode.swift; path = GoodsListViewController.swift; sourceTree = "<group>"; };
		52EC538D284E61C00020A530 /* GoodsTableViewCell.swift */ = {isa = PBXFileReference; lastKnownFileType = sourcecode.swift; path = GoodsTableViewCell.swift; sourceTree = "<group>"; };
		52EC5390284FD0960020A530 /* ProductViewController.swift */ = {isa = PBXFileReference; lastKnownFileType = sourcecode.swift; path = ProductViewController.swift; sourceTree = "<group>"; };
		52EC5392284FD1000020A530 /* DetailProductViewController.swift */ = {isa = PBXFileReference; lastKnownFileType = sourcecode.swift; path = DetailProductViewController.swift; sourceTree = "<group>"; };
		52EC5394284FD1270020A530 /* ReviewViewController.swift */ = {isa = PBXFileReference; lastKnownFileType = sourcecode.swift; path = ReviewViewController.swift; sourceTree = "<group>"; };
		52EC5396284FD17A0020A530 /* ReviewView.swift */ = {isa = PBXFileReference; lastKnownFileType = sourcecode.swift; path = ReviewView.swift; sourceTree = "<group>"; };
		52EC5398284FD2700020A530 /* ProductView.swift */ = {isa = PBXFileReference; lastKnownFileType = sourcecode.swift; path = ProductView.swift; sourceTree = "<group>"; };
		583CDBFF281951A9000AC807 /* AuthTests.swift */ = {isa = PBXFileReference; lastKnownFileType = sourcecode.swift; name = AuthTests.swift; path = GBShopTests/AuthTests.swift; sourceTree = SOURCE_ROOT; };
		583CDC0128198613000AC807 /* GoodsTests.swift */ = {isa = PBXFileReference; lastKnownFileType = sourcecode.swift; name = GoodsTests.swift; path = GBShopTests/GoodsTests.swift; sourceTree = SOURCE_ROOT; };
		583CDC0328198B25000AC807 /* GoodsListRequestFactory.swift */ = {isa = PBXFileReference; lastKnownFileType = sourcecode.swift; name = GoodsListRequestFactory.swift; path = GBShop/App/BusinessLogic/Network/Goods/GoodsListRequestFactory.swift; sourceTree = SOURCE_ROOT; };
		583CDC0528198EDE000AC807 /* GoodsListResult.swift */ = {isa = PBXFileReference; lastKnownFileType = sourcecode.swift; name = GoodsListResult.swift; path = GBShop/App/Entity/Goods/Result/GoodsListResult.swift; sourceTree = SOURCE_ROOT; };
		583CDC0928199585000AC807 /* Goods.swift */ = {isa = PBXFileReference; lastKnownFileType = sourcecode.swift; name = Goods.swift; path = GBShop/App/BusinessLogic/Network/Goods/Goods.swift; sourceTree = SOURCE_ROOT; };
		583CDC0B2819A551000AC807 /* GoodByIdResult.swift */ = {isa = PBXFileReference; lastKnownFileType = sourcecode.swift; name = GoodByIdResult.swift; path = GBShop/App/Entity/Goods/Result/GoodByIdResult.swift; sourceTree = SOURCE_ROOT; };
		583CDC0D2819A63F000AC807 /* GoodsByIdRequestFactory.swift */ = {isa = PBXFileReference; lastKnownFileType = sourcecode.swift; name = GoodsByIdRequestFactory.swift; path = GBShop/App/BusinessLogic/Network/Goods/GoodsByIdRequestFactory.swift; sourceTree = SOURCE_ROOT; };
		58560BD22811B81600772BA9 /* GBShop.app */ = {isa = PBXFileReference; explicitFileType = wrapper.application; includeInIndex = 0; path = GBShop.app; sourceTree = BUILT_PRODUCTS_DIR; };
		58560BD52811B81600772BA9 /* AppDelegate.swift */ = {isa = PBXFileReference; indentWidth = 4; lastKnownFileType = sourcecode.swift; name = AppDelegate.swift; path = GBShop/App/AppDelegate.swift; sourceTree = SOURCE_ROOT; tabWidth = 4; };
		58560BD72811B81600772BA9 /* SceneDelegate.swift */ = {isa = PBXFileReference; lastKnownFileType = sourcecode.swift; name = SceneDelegate.swift; path = GBShop/App/SceneDelegate.swift; sourceTree = SOURCE_ROOT; };
		58560BD92811B81600772BA9 /* RegistrationViewController.swift */ = {isa = PBXFileReference; lastKnownFileType = sourcecode.swift; name = RegistrationViewController.swift; path = GBShop/App/Flows/Registration/RegistrationViewController.swift; sourceTree = SOURCE_ROOT; };
		58560BDE2811B81900772BA9 /* Assets.xcassets */ = {isa = PBXFileReference; lastKnownFileType = folder.assetcatalog; name = Assets.xcassets; path = GBShop/Resources/Assets.xcassets; sourceTree = SOURCE_ROOT; };
		58560BE12811B81900772BA9 /* Base */ = {isa = PBXFileReference; lastKnownFileType = file.storyboard; name = Base; path = Base.lproj/LaunchScreen.storyboard; sourceTree = "<group>"; };
		58560BE32811B81900772BA9 /* Info.plist */ = {isa = PBXFileReference; lastKnownFileType = text.plist.xml; name = Info.plist; path = GBShop/Environments/Info.plist; sourceTree = SOURCE_ROOT; };
		58560BE82811B81900772BA9 /* GBShopTests.xctest */ = {isa = PBXFileReference; explicitFileType = wrapper.cfbundle; includeInIndex = 0; path = GBShopTests.xctest; sourceTree = BUILT_PRODUCTS_DIR; };
		58560BF22811B81900772BA9 /* GBShopUITests.xctest */ = {isa = PBXFileReference; explicitFileType = wrapper.cfbundle; includeInIndex = 0; path = GBShopUITests.xctest; sourceTree = BUILT_PRODUCTS_DIR; };
		58560BF62811B81900772BA9 /* AuthUITests.swift */ = {isa = PBXFileReference; lastKnownFileType = sourcecode.swift; name = AuthUITests.swift; path = GBShopUITests/AuthUITests.swift; sourceTree = SOURCE_ROOT; };
		58560BF82811B81900772BA9 /* GBShopUITestsLaunchTests.swift */ = {isa = PBXFileReference; lastKnownFileType = sourcecode.swift; name = GBShopUITestsLaunchTests.swift; path = GBShopUITests/GBShopUITestsLaunchTests.swift; sourceTree = SOURCE_ROOT; };
		58812979281DC09F00989C34 /* APIProtocol.swift */ = {isa = PBXFileReference; lastKnownFileType = sourcecode.swift; name = APIProtocol.swift; path = GBShop/App/BusinessLogic/Network/APIProtocol.swift; sourceTree = SOURCE_ROOT; };
		5881297B281DC0DF00989C34 /* API.swift */ = {isa = PBXFileReference; lastKnownFileType = sourcecode.swift; name = API.swift; path = GBShop/App/BusinessLogic/Network/API.swift; sourceTree = SOURCE_ROOT; };
		58BFCA562817BE1300F4A76B /* AbstractErrorParser.swift */ = {isa = PBXFileReference; lastKnownFileType = sourcecode.swift; name = AbstractErrorParser.swift; path = GBShop/Core/Network/AbstractErrorParser.swift; sourceTree = SOURCE_ROOT; };
		58BFCA582817BECF00F4A76B /* DataRequest.swift */ = {isa = PBXFileReference; lastKnownFileType = sourcecode.swift; name = DataRequest.swift; path = GBShop/Core/Network/DataRequest.swift; sourceTree = SOURCE_ROOT; };
		58BFCA5A2817C3B600F4A76B /* AbstractRequestFactory.swift */ = {isa = PBXFileReference; lastKnownFileType = sourcecode.swift; name = AbstractRequestFactory.swift; path = GBShop/Core/Network/AbstractRequestFactory.swift; sourceTree = SOURCE_ROOT; };
		58BFCA5C2817C63900F4A76B /* RequestRouter.swift */ = {isa = PBXFileReference; lastKnownFileType = sourcecode.swift; name = RequestRouter.swift; path = GBShop/Core/Network/RequestRouter.swift; sourceTree = SOURCE_ROOT; };
		58BFCA5E2817C8F200F4A76B /* LoginResult.swift */ = {isa = PBXFileReference; lastKnownFileType = sourcecode.swift; name = LoginResult.swift; path = GBShop/App/Entity/Auth/Result/LoginResult.swift; sourceTree = SOURCE_ROOT; };
		58BFCA632817CA9400F4A76B /* LoginRequestFactory.swift */ = {isa = PBXFileReference; lastKnownFileType = sourcecode.swift; name = LoginRequestFactory.swift; path = GBShop/App/BusinessLogic/Network/Auth/LoginRequestFactory.swift; sourceTree = SOURCE_ROOT; };
		58BFCA652817CAEF00F4A76B /* Auth.swift */ = {isa = PBXFileReference; lastKnownFileType = sourcecode.swift; name = Auth.swift; path = GBShop/App/BusinessLogic/Network/Auth/Auth.swift; sourceTree = SOURCE_ROOT; };
		58BFCA6728180A6A00F4A76B /* RequestFactory.swift */ = {isa = PBXFileReference; lastKnownFileType = sourcecode.swift; name = RequestFactory.swift; path = GBShop/App/BusinessLogic/Network/RequestFactory.swift; sourceTree = SOURCE_ROOT; };
		58BFCA6928181D3300F4A76B /* LogoutRequestFactory.swift */ = {isa = PBXFileReference; lastKnownFileType = sourcecode.swift; name = LogoutRequestFactory.swift; path = GBShop/App/BusinessLogic/Network/Auth/LogoutRequestFactory.swift; sourceTree = SOURCE_ROOT; };
		58BFCA6F281846A900F4A76B /* RegistrationRequestFactory.swift */ = {isa = PBXFileReference; lastKnownFileType = sourcecode.swift; name = RegistrationRequestFactory.swift; path = GBShop/App/BusinessLogic/Network/Auth/RegistrationRequestFactory.swift; sourceTree = SOURCE_ROOT; };
		58BFCA7328184BD800F4A76B /* ChangeUserDataRequestFactory.swift */ = {isa = PBXFileReference; lastKnownFileType = sourcecode.swift; name = ChangeUserDataRequestFactory.swift; path = GBShop/App/BusinessLogic/Network/Auth/ChangeUserDataRequestFactory.swift; sourceTree = SOURCE_ROOT; };
/* End PBXFileReference section */

/* Begin PBXFrameworksBuildPhase section */
		58560BCF2811B81600772BA9 /* Frameworks */ = {
			isa = PBXFrameworksBuildPhase;
			buildActionMask = 2147483647;
			files = (
				58BFCA512813EC6500F4A76B /* Alamofire in Frameworks */,
				52741B54284CEC8F003E91F4 /* SnapKit in Frameworks */,
			);
			runOnlyForDeploymentPostprocessing = 0;
		};
		58560BE52811B81900772BA9 /* Frameworks */ = {
			isa = PBXFrameworksBuildPhase;
			buildActionMask = 2147483647;
			files = (
			);
			runOnlyForDeploymentPostprocessing = 0;
		};
		58560BEF2811B81900772BA9 /* Frameworks */ = {
			isa = PBXFrameworksBuildPhase;
			buildActionMask = 2147483647;
			files = (
			);
			runOnlyForDeploymentPostprocessing = 0;
		};
/* End PBXFrameworksBuildPhase section */

/* Begin PBXGroup section */
		521E08BE283BF65E009938BA /* Auth */ = {
			isa = PBXGroup;
			children = (
				58BFCA652817CAEF00F4A76B /* Auth.swift */,
				58BFCA632817CA9400F4A76B /* LoginRequestFactory.swift */,
				58BFCA6928181D3300F4A76B /* LogoutRequestFactory.swift */,
				58BFCA6F281846A900F4A76B /* RegistrationRequestFactory.swift */,
				58BFCA7328184BD800F4A76B /* ChangeUserDataRequestFactory.swift */,
			);
			name = Auth;
			path = GBShop/App/BusinessLogic/Network/Auth;
			sourceTree = SOURCE_ROOT;
		};
		521E08BF283BF6BF009938BA /* Goods */ = {
			isa = PBXGroup;
			children = (
				583CDC0928199585000AC807 /* Goods.swift */,
				583CDC0328198B25000AC807 /* GoodsListRequestFactory.swift */,
				583CDC0D2819A63F000AC807 /* GoodsByIdRequestFactory.swift */,
			);
			name = Goods;
			path = GBShop/App/BusinessLogic/Network/Goods;
			sourceTree = SOURCE_ROOT;
		};
		524E5ED0284A6F0000CE16C3 /* Result */ = {
			isa = PBXGroup;
			children = (
				58BFCA5E2817C8F200F4A76B /* LoginResult.swift */,
			);
			path = Result;
			sourceTree = "<group>";
		};
		524E5ED1284A6F0D00CE16C3 /* Request */ = {
			isa = PBXGroup;
			children = (
				524E5ED4284A706D00CE16C3 /* RegistrationRequest.swift */,
				524E5ED6284A75C000CE16C3 /* ChangeUserDataRequest.swift */,
				524E5ED8284A794000CE16C3 /* LoginRequest.swift */,
				524E5EDA284A7CDF00CE16C3 /* LogoutRequest.swift */,
			);
			path = Request;
			sourceTree = "<group>";
		};
		524E5EDC284A7F5500CE16C3 /* Request */ = {
			isa = PBXGroup;
			children = (
				524E5EDE284A7F7100CE16C3 /* GetReviewsRequest.swift */,
				524E5EE0284A823A00CE16C3 /* RemoveReviewRequest.swift */,
				524E5EE2284A828D00CE16C3 /* AddReviewRequest.swift */,
			);
			path = Request;
			sourceTree = "<group>";
		};
		524E5EDD284A7F5D00CE16C3 /* Result */ = {
			isa = PBXGroup;
			children = (
				5255DA5A283EA850003A3FB2 /* GetReviewsResult.swift */,
			);
			path = Result;
			sourceTree = "<group>";
		};
		524E5EE4284A8A9400CE16C3 /* Result */ = {
			isa = PBXGroup;
			children = (
				583CDC0B2819A551000AC807 /* GoodByIdResult.swift */,
				583CDC0528198EDE000AC807 /* GoodsListResult.swift */,
			);
			path = Result;
			sourceTree = "<group>";
		};
		524E5EE5284A8A9C00CE16C3 /* Request */ = {
			isa = PBXGroup;
			children = (
				524E5EE6284A8B2900CE16C3 /* GoodByIdRequest.swift */,
				524E5EE8284A8B8000CE16C3 /* GoodsListRequest.swift */,
			);
			path = Request;
			sourceTree = "<group>";
		};
		524E5EEA284A8DD500CE16C3 /* Result */ = {
			isa = PBXGroup;
			children = (
				52C9207F285249F80012019A /* GetCartResult.swift */,
			);
			path = Result;
			sourceTree = "<group>";
		};
		524E5EEB284A8DE000CE16C3 /* Request */ = {
			isa = PBXGroup;
			children = (
				524E5EEC284A8E3300CE16C3 /* AddToCartRequest.swift */,
				524E5EEE284A8E8400CE16C3 /* PayCartRequest.swift */,
				524E5EF0284A8EBA00CE16C3 /* RemoveFromCartRequest.swift */,
				52C9207D285249D00012019A /* GetCartRequest.swift */,
			);
			path = Request;
			sourceTree = "<group>";
		};
		5255DA5E283EA978003A3FB2 /* Assembly */ = {
			isa = PBXGroup;
			children = (
			);
			name = Assembly;
			path = GBShop/Assembly;
			sourceTree = SOURCE_ROOT;
		};
		52741B5D284DD51B003E91F4 /* Registration */ = {
			isa = PBXGroup;
			children = (
				58560BD92811B81600772BA9 /* RegistrationViewController.swift */,
				52741B50284CEC44003E91F4 /* RegistrationView.swift */,
			);
			path = Registration;
			sourceTree = "<group>";
		};
		52741B5E284DD529003E91F4 /* Login */ = {
			isa = PBXGroup;
			children = (
				52741B59284DC52C003E91F4 /* LoginViewController.swift */,
				52741B57284DC050003E91F4 /* LoginView.swift */,
			);
			path = Login;
			sourceTree = "<group>";
		};
		52741B61284DD952003E91F4 /* Profile */ = {
			isa = PBXGroup;
			children = (
				52741B62284DD979003E91F4 /* ProfileView.swift */,
				52741B64284DD985003E91F4 /* ProfileViewController.swift */,
			);
			path = Profile;
			sourceTree = "<group>";
		};
		5276A990284271CF004ADBD1 /* Cart */ = {
			isa = PBXGroup;
			children = (
				5276A997284274CD004ADBD1 /* Cart.swift */,
				5276A99128427215004ADBD1 /* AddToCartRequestFactory.swift */,
				52C9208128524B2D0012019A /* GetCartRequestFactory.swift */,
				5276A99B284278C4004ADBD1 /* RemoveFromCartRequestFactory.swift */,
				5276A9A328435C64004ADBD1 /* PayCartRequestFactory.swift */,
			);
			name = Cart;
			path = GBShop/App/BusinessLogic/Network/Cart;
			sourceTree = SOURCE_ROOT;
		};
		5276A9AC28436327004ADBD1 /* Goods */ = {
			isa = PBXGroup;
			children = (
				524E5EE5284A8A9C00CE16C3 /* Request */,
				524E5EE4284A8A9400CE16C3 /* Result */,
			);
			name = Goods;
			path = GBShop/App/Entity/Goods;
			sourceTree = SOURCE_ROOT;
		};
		5276A9AF28436382004ADBD1 /* Review */ = {
			isa = PBXGroup;
			children = (
				524E5EDD284A7F5D00CE16C3 /* Result */,
				524E5EDC284A7F5500CE16C3 /* Request */,
			);
			name = Review;
			path = GBShop/App/Entity/Review;
			sourceTree = SOURCE_ROOT;
		};
		5276A9B128436553004ADBD1 /* Auth */ = {
			isa = PBXGroup;
			children = (
				524E5ED1284A6F0D00CE16C3 /* Request */,
				524E5ED0284A6F0000CE16C3 /* Result */,
				52741B5B284DD2C6003E91F4 /* CurrentUser.swift */,
			);
			name = Auth;
			path = GBShop/App/Entity/Auth;
			sourceTree = SOURCE_ROOT;
		};
		5276A9B22843659E004ADBD1 /* Cart */ = {
			isa = PBXGroup;
			children = (
				524E5EEB284A8DE000CE16C3 /* Request */,
				524E5EEA284A8DD500CE16C3 /* Result */,
			);
			path = Cart;
			sourceTree = "<group>";
		};
		52A1DE87283C105A00127533 /* Review */ = {
			isa = PBXGroup;
			children = (
				521E08C7283C064D009938BA /* Review.swift */,
				52A1DE84283C0D7B00127533 /* AddReviewRequestFactory.swift */,
				5255DA56283EA7A6003A3FB2 /* RemoveReviewRequestFactory.swift */,
				5255DA58283EA809003A3FB2 /* ReviewsRequestFactory.swift */,
			);
			name = Review;
			path = GBShop/App/BusinessLogic/Network/Review;
			sourceTree = SOURCE_ROOT;
		};
		52C9207A285231010012019A /* Cart */ = {
			isa = PBXGroup;
			children = (
				52C9207B2852315A0012019A /* CartViewController.swift */,
				52C92083285259770012019A /* CartTableViewCell.swift */,
			);
			path = Cart;
			sourceTree = "<group>";
		};
		52EC538A284E5FD80020A530 /* Goods */ = {
			isa = PBXGroup;
			children = (
				52EC538B284E60130020A530 /* GoodsListViewController.swift */,
				52EC538D284E61C00020A530 /* GoodsTableViewCell.swift */,
			);
			path = Goods;
			sourceTree = "<group>";
		};
		52EC538F284FD0830020A530 /* Product */ = {
			isa = PBXGroup;
			children = (
				52EC5392284FD1000020A530 /* DetailProductViewController.swift */,
				52EC5390284FD0960020A530 /* ProductViewController.swift */,
				52EC5398284FD2700020A530 /* ProductView.swift */,
				52EC5394284FD1270020A530 /* ReviewViewController.swift */,
				52EC5396284FD17A0020A530 /* ReviewView.swift */,
			);
			path = Product;
			sourceTree = "<group>";
		};
		58560BC92811B81600772BA9 = {
			isa = PBXGroup;
			children = (
				58560BD42811B81600772BA9 /* GBShop */,
				58560BEB2811B81900772BA9 /* GBShopTests */,
				58560BF52811B81900772BA9 /* GBShopUITests */,
				58560BD32811B81600772BA9 /* Products */,
			);
			sourceTree = "<group>";
		};
		58560BD32811B81600772BA9 /* Products */ = {
			isa = PBXGroup;
			children = (
				58560BD22811B81600772BA9 /* GBShop.app */,
				58560BE82811B81900772BA9 /* GBShopTests.xctest */,
				58560BF22811B81900772BA9 /* GBShopUITests.xctest */,
			);
			name = Products;
			sourceTree = "<group>";
		};
		58560BD42811B81600772BA9 /* GBShop */ = {
			isa = PBXGroup;
			children = (
				58560C102811D27700772BA9 /* App */,
				58560C152811D2D800772BA9 /* Core */,
				5255DA5E283EA978003A3FB2 /* Assembly */,
				58560C162811D2FB00772BA9 /* Resources */,
				58560C172811D32000772BA9 /* Environments */,
			);
			path = GBShop;
			sourceTree = SOURCE_ROOT;
		};
		58560BEB2811B81900772BA9 /* GBShopTests */ = {
			isa = PBXGroup;
			children = (
				583CDBFF281951A9000AC807 /* AuthTests.swift */,
				583CDC0128198613000AC807 /* GoodsTests.swift */,
				5255DA5F283EA9E7003A3FB2 /* ReviewTests.swift */,
				5276A9992842769F004ADBD1 /* CartTests.swift */,
			);
			path = GBShopTests;
			sourceTree = SOURCE_ROOT;
		};
		58560BF52811B81900772BA9 /* GBShopUITests */ = {
			isa = PBXGroup;
			children = (
				58560BF62811B81900772BA9 /* AuthUITests.swift */,
				58560BF82811B81900772BA9 /* GBShopUITestsLaunchTests.swift */,
			);
			path = GBShopUITests;
			sourceTree = SOURCE_ROOT;
		};
		58560C102811D27700772BA9 /* App */ = {
			isa = PBXGroup;
			children = (
				58560BD52811B81600772BA9 /* AppDelegate.swift */,
				58560BD72811B81600772BA9 /* SceneDelegate.swift */,
				52741B55284D324E003E91F4 /* SceneBuilder.swift */,
				58560C112811D29400772BA9 /* BusinessLogic */,
				58560C122811D2A900772BA9 /* Entity */,
				58560C142811D2CA00772BA9 /* Flows */,
			);
			name = App;
			path = GBShop/App;
			sourceTree = SOURCE_ROOT;
		};
		58560C112811D29400772BA9 /* BusinessLogic */ = {
			isa = PBXGroup;
			children = (
				58BFCA622817CA7F00F4A76B /* Network */,
			);
			name = BusinessLogic;
			path = GBShop/App/BusinessLogic;
			sourceTree = SOURCE_ROOT;
		};
		58560C122811D2A900772BA9 /* Entity */ = {
			isa = PBXGroup;
			children = (
				5276A9B22843659E004ADBD1 /* Cart */,
				5276A9B128436553004ADBD1 /* Auth */,
				5276A9AC28436327004ADBD1 /* Goods */,
				5276A9AF28436382004ADBD1 /* Review */,
				524E5ED2284A6F3E00CE16C3 /* DefaultResult.swift */,
			);
			name = Entity;
			path = GBShop/App/Entity;
			sourceTree = SOURCE_ROOT;
		};
		58560C142811D2CA00772BA9 /* Flows */ = {
			isa = PBXGroup;
			children = (
				52C9207A285231010012019A /* Cart */,
				52EC538F284FD0830020A530 /* Product */,
				52EC538A284E5FD80020A530 /* Goods */,
				52741B61284DD952003E91F4 /* Profile */,
				52741B5E284DD529003E91F4 /* Login */,
				52741B5D284DD51B003E91F4 /* Registration */,
				52741B5F284DD7A6003E91F4 /* TabBarViewController.swift */,
			);
			name = Flows;
			path = GBShop/App/Flows;
			sourceTree = SOURCE_ROOT;
		};
		58560C152811D2D800772BA9 /* Core */ = {
			isa = PBXGroup;
			children = (
				58BFCA552817BDAE00F4A76B /* Network */,
			);
			name = Core;
			path = GBShop/Core;
			sourceTree = SOURCE_ROOT;
		};
		58560C162811D2FB00772BA9 /* Resources */ = {
			isa = PBXGroup;
			children = (
				58560BDE2811B81900772BA9 /* Assets.xcassets */,
				58560BE02811B81900772BA9 /* LaunchScreen.storyboard */,
			);
			name = Resources;
			path = GBShop/Resources;
			sourceTree = SOURCE_ROOT;
		};
		58560C172811D32000772BA9 /* Environments */ = {
			isa = PBXGroup;
			children = (
				58560BE32811B81900772BA9 /* Info.plist */,
			);
			name = Environments;
			path = GBShop/Environments;
			sourceTree = SOURCE_ROOT;
		};
		58BFCA552817BDAE00F4A76B /* Network */ = {
			isa = PBXGroup;
			children = (
				58BFCA562817BE1300F4A76B /* AbstractErrorParser.swift */,
				58BFCA582817BECF00F4A76B /* DataRequest.swift */,
				58BFCA5A2817C3B600F4A76B /* AbstractRequestFactory.swift */,
				58BFCA5C2817C63900F4A76B /* RequestRouter.swift */,
			);
			path = Network;
			sourceTree = "<group>";
		};
		58BFCA622817CA7F00F4A76B /* Network */ = {
			isa = PBXGroup;
			children = (
				58812979281DC09F00989C34 /* APIProtocol.swift */,
				5881297B281DC0DF00989C34 /* API.swift */,
				58BFCA6728180A6A00F4A76B /* RequestFactory.swift */,
				52A1DE87283C105A00127533 /* Review */,
				521E08BE283BF65E009938BA /* Auth */,
				5276A990284271CF004ADBD1 /* Cart */,
				521E08BF283BF6BF009938BA /* Goods */,
			);
			name = Network;
			path = GBShop/App/BusinessLogic/Network;
			sourceTree = SOURCE_ROOT;
		};
/* End PBXGroup section */

/* Begin PBXNativeTarget section */
		58560BD12811B81600772BA9 /* GBShop */ = {
			isa = PBXNativeTarget;
			buildConfigurationList = 58560BFC2811B81900772BA9 /* Build configuration list for PBXNativeTarget "GBShop" */;
			buildPhases = (
				58560BCE2811B81600772BA9 /* Sources */,
				58560BCF2811B81600772BA9 /* Frameworks */,
				58560BD02811B81600772BA9 /* Resources */,
				52741B42284BC092003E91F4 /* SwiftLint */,
			);
			buildRules = (
			);
			dependencies = (
			);
			name = GBShop;
			packageProductDependencies = (
				58BFCA502813EC6500F4A76B /* Alamofire */,
				52741B53284CEC8F003E91F4 /* SnapKit */,
			);
			productName = GBShop;
			productReference = 58560BD22811B81600772BA9 /* GBShop.app */;
			productType = "com.apple.product-type.application";
		};
		58560BE72811B81900772BA9 /* GBShopTests */ = {
			isa = PBXNativeTarget;
			buildConfigurationList = 58560BFF2811B81900772BA9 /* Build configuration list for PBXNativeTarget "GBShopTests" */;
			buildPhases = (
				58560BE42811B81900772BA9 /* Sources */,
				58560BE52811B81900772BA9 /* Frameworks */,
				58560BE62811B81900772BA9 /* Resources */,
			);
			buildRules = (
			);
			dependencies = (
				58560BEA2811B81900772BA9 /* PBXTargetDependency */,
			);
			name = GBShopTests;
			productName = GBShopTests;
			productReference = 58560BE82811B81900772BA9 /* GBShopTests.xctest */;
			productType = "com.apple.product-type.bundle.unit-test";
		};
		58560BF12811B81900772BA9 /* GBShopUITests */ = {
			isa = PBXNativeTarget;
			buildConfigurationList = 58560C022811B81900772BA9 /* Build configuration list for PBXNativeTarget "GBShopUITests" */;
			buildPhases = (
				58560BEE2811B81900772BA9 /* Sources */,
				58560BEF2811B81900772BA9 /* Frameworks */,
				58560BF02811B81900772BA9 /* Resources */,
			);
			buildRules = (
			);
			dependencies = (
				58560BF42811B81900772BA9 /* PBXTargetDependency */,
			);
			name = GBShopUITests;
			productName = GBShopUITests;
			productReference = 58560BF22811B81900772BA9 /* GBShopUITests.xctest */;
			productType = "com.apple.product-type.bundle.ui-testing";
		};
/* End PBXNativeTarget section */

/* Begin PBXProject section */
		58560BCA2811B81600772BA9 /* Project object */ = {
			isa = PBXProject;
			attributes = {
				BuildIndependentTargetsInParallel = 1;
				LastSwiftUpdateCheck = 1330;
				LastUpgradeCheck = 1330;
				TargetAttributes = {
					58560BD12811B81600772BA9 = {
						CreatedOnToolsVersion = 13.3.1;
					};
					58560BE72811B81900772BA9 = {
						CreatedOnToolsVersion = 13.3.1;
						TestTargetID = 58560BD12811B81600772BA9;
					};
					58560BF12811B81900772BA9 = {
						CreatedOnToolsVersion = 13.3.1;
						TestTargetID = 58560BD12811B81600772BA9;
					};
				};
			};
			buildConfigurationList = 58560BCD2811B81600772BA9 /* Build configuration list for PBXProject "GBShop" */;
			compatibilityVersion = "Xcode 13.0";
			developmentRegion = en;
			hasScannedForEncodings = 0;
			knownRegions = (
				en,
				Base,
			);
			mainGroup = 58560BC92811B81600772BA9;
			packageReferences = (
				58BFCA4F2813EC6500F4A76B /* XCRemoteSwiftPackageReference "Alamofire" */,
				52741B52284CEC8F003E91F4 /* XCRemoteSwiftPackageReference "SnapKit" */,
			);
			productRefGroup = 58560BD32811B81600772BA9 /* Products */;
			projectDirPath = "";
			projectRoot = "";
			targets = (
				58560BD12811B81600772BA9 /* GBShop */,
				58560BE72811B81900772BA9 /* GBShopTests */,
				58560BF12811B81900772BA9 /* GBShopUITests */,
			);
		};
/* End PBXProject section */

/* Begin PBXResourcesBuildPhase section */
		58560BD02811B81600772BA9 /* Resources */ = {
			isa = PBXResourcesBuildPhase;
			buildActionMask = 2147483647;
			files = (
				58560BE22811B81900772BA9 /* LaunchScreen.storyboard in Resources */,
				58560BDF2811B81900772BA9 /* Assets.xcassets in Resources */,
			);
			runOnlyForDeploymentPostprocessing = 0;
		};
		58560BE62811B81900772BA9 /* Resources */ = {
			isa = PBXResourcesBuildPhase;
			buildActionMask = 2147483647;
			files = (
			);
			runOnlyForDeploymentPostprocessing = 0;
		};
		58560BF02811B81900772BA9 /* Resources */ = {
			isa = PBXResourcesBuildPhase;
			buildActionMask = 2147483647;
			files = (
			);
			runOnlyForDeploymentPostprocessing = 0;
		};
/* End PBXResourcesBuildPhase section */

/* Begin PBXShellScriptBuildPhase section */
		52741B42284BC092003E91F4 /* SwiftLint */ = {
			isa = PBXShellScriptBuildPhase;
			buildActionMask = 2147483647;
			files = (
			);
			inputFileListPaths = (
			);
			inputPaths = (
			);
			name = SwiftLint;
			outputFileListPaths = (
			);
			outputPaths = (
			);
			runOnlyForDeploymentPostprocessing = 0;
			shellPath = /bin/sh;
			shellScript = "export PATH=\"$PATH:/opt/homebrew/bin\"\nif which swiftlint > /dev/null; then\n  swiftlint\nelse\n  echo \"warning: SwiftLint not installed, download from https://github.com/realm/SwiftLint\"\n  exit 1\nfi\n";
		};
/* End PBXShellScriptBuildPhase section */

/* Begin PBXSourcesBuildPhase section */
		58560BCE2811B81600772BA9 /* Sources */ = {
			isa = PBXSourcesBuildPhase;
			buildActionMask = 2147483647;
			files = (
				52EC538E284E61C00020A530 /* GoodsTableViewCell.swift in Sources */,
				52A1DE85283C0D7B00127533 /* AddReviewRequestFactory.swift in Sources */,
				524E5EE3284A828D00CE16C3 /* AddReviewRequest.swift in Sources */,
				58BFCA6828180A6A00F4A76B /* RequestFactory.swift in Sources */,
				583CDC0E2819A63F000AC807 /* GoodsByIdRequestFactory.swift in Sources */,
				52741B58284DC050003E91F4 /* LoginView.swift in Sources */,
				58560BDA2811B81600772BA9 /* RegistrationViewController.swift in Sources */,
				524E5ED3284A6F3E00CE16C3 /* DefaultResult.swift in Sources */,
				52EC538C284E60130020A530 /* GoodsListViewController.swift in Sources */,
				52EC5393284FD1000020A530 /* DetailProductViewController.swift in Sources */,
				524E5EDF284A7F7100CE16C3 /* GetReviewsRequest.swift in Sources */,
				524E5EDB284A7CDF00CE16C3 /* LogoutRequest.swift in Sources */,
				58BFCA592817BECF00F4A76B /* DataRequest.swift in Sources */,
				524E5EED284A8E3300CE16C3 /* AddToCartRequest.swift in Sources */,
				58BFCA6A28181D3300F4A76B /* LogoutRequestFactory.swift in Sources */,
				52741B51284CEC44003E91F4 /* RegistrationView.swift in Sources */,
				52C92084285259770012019A /* CartTableViewCell.swift in Sources */,
				58BFCA642817CA9400F4A76B /* LoginRequestFactory.swift in Sources */,
				583CDC0428198B25000AC807 /* GoodsListRequestFactory.swift in Sources */,
				52741B56284D324E003E91F4 /* SceneBuilder.swift in Sources */,
				5276A998284274CD004ADBD1 /* Cart.swift in Sources */,
				5881297C281DC0DF00989C34 /* API.swift in Sources */,
				524E5EE1284A823A00CE16C3 /* RemoveReviewRequest.swift in Sources */,
				52C92080285249F80012019A /* GetCartResult.swift in Sources */,
				524E5ED9284A794000CE16C3 /* LoginRequest.swift in Sources */,
				58BFCA5D2817C63900F4A76B /* RequestRouter.swift in Sources */,
				58560BD62811B81600772BA9 /* AppDelegate.swift in Sources */,
				52EC5391284FD0960020A530 /* ProductViewController.swift in Sources */,
				583CDC0C2819A551000AC807 /* GoodByIdResult.swift in Sources */,
				58BFCA5F2817C8F200F4A76B /* LoginResult.swift in Sources */,
				52741B65284DD985003E91F4 /* ProfileViewController.swift in Sources */,
				58BFCA662817CAEF00F4A76B /* Auth.swift in Sources */,
				52EC5399284FD2700020A530 /* ProductView.swift in Sources */,
				52EC5395284FD1270020A530 /* ReviewViewController.swift in Sources */,
				524E5ED5284A706D00CE16C3 /* RegistrationRequest.swift in Sources */,
				524E5EEF284A8E8400CE16C3 /* PayCartRequest.swift in Sources */,
				5255DA5B283EA850003A3FB2 /* GetReviewsResult.swift in Sources */,
				58560BD82811B81600772BA9 /* SceneDelegate.swift in Sources */,
				524E5EF1284A8EBB00CE16C3 /* RemoveFromCartRequest.swift in Sources */,
				583CDC0A28199585000AC807 /* Goods.swift in Sources */,
				58BFCA7428184BD800F4A76B /* ChangeUserDataRequestFactory.swift in Sources */,
				52741B63284DD979003E91F4 /* ProfileView.swift in Sources */,
				5276A99C284278C4004ADBD1 /* RemoveFromCartRequestFactory.swift in Sources */,
				52EC5397284FD17A0020A530 /* ReviewView.swift in Sources */,
				5276A9A428435C64004ADBD1 /* PayCartRequestFactory.swift in Sources */,
				5881297A281DC09F00989C34 /* APIProtocol.swift in Sources */,
				5255DA57283EA7A6003A3FB2 /* RemoveReviewRequestFactory.swift in Sources */,
				52A1DE86283C0D7B00127533 /* Review.swift in Sources */,
				58BFCA5B2817C3B600F4A76B /* AbstractRequestFactory.swift in Sources */,
				58BFCA70281846A900F4A76B /* RegistrationRequestFactory.swift in Sources */,
				524E5ED7284A75C000CE16C3 /* ChangeUserDataRequest.swift in Sources */,
				52741B5A284DC52C003E91F4 /* LoginViewController.swift in Sources */,
				52C9208228524B2D0012019A /* GetCartRequestFactory.swift in Sources */,
				524E5EE9284A8B8000CE16C3 /* GoodsListRequest.swift in Sources */,
				5255DA59283EA809003A3FB2 /* ReviewsRequestFactory.swift in Sources */,
				52C9207C2852315A0012019A /* CartViewController.swift in Sources */,
				583CDC0628198EDE000AC807 /* GoodsListResult.swift in Sources */,
				5276A99228427215004ADBD1 /* AddToCartRequestFactory.swift in Sources */,
				524E5EE7284A8B2900CE16C3 /* GoodByIdRequest.swift in Sources */,
				52741B60284DD7A6003E91F4 /* TabBarViewController.swift in Sources */,
				52741B5C284DD2C6003E91F4 /* CurrentUser.swift in Sources */,
				52C9207E285249D00012019A /* GetCartRequest.swift in Sources */,
				58BFCA572817BE1300F4A76B /* AbstractErrorParser.swift in Sources */,
			);
			runOnlyForDeploymentPostprocessing = 0;
		};
		58560BE42811B81900772BA9 /* Sources */ = {
			isa = PBXSourcesBuildPhase;
			buildActionMask = 2147483647;
			files = (
				583CDC0228198613000AC807 /* GoodsTests.swift in Sources */,
				5276A99A2842769F004ADBD1 /* CartTests.swift in Sources */,
				583CDC00281951AA000AC807 /* AuthTests.swift in Sources */,
				5255DA60283EA9E7003A3FB2 /* ReviewTests.swift in Sources */,
			);
			runOnlyForDeploymentPostprocessing = 0;
		};
		58560BEE2811B81900772BA9 /* Sources */ = {
			isa = PBXSourcesBuildPhase;
			buildActionMask = 2147483647;
			files = (
				58560BF72811B81900772BA9 /* AuthUITests.swift in Sources */,
				58560BF92811B81900772BA9 /* GBShopUITestsLaunchTests.swift in Sources */,
			);
			runOnlyForDeploymentPostprocessing = 0;
		};
/* End PBXSourcesBuildPhase section */

/* Begin PBXTargetDependency section */
		58560BEA2811B81900772BA9 /* PBXTargetDependency */ = {
			isa = PBXTargetDependency;
			target = 58560BD12811B81600772BA9 /* GBShop */;
			targetProxy = 58560BE92811B81900772BA9 /* PBXContainerItemProxy */;
		};
		58560BF42811B81900772BA9 /* PBXTargetDependency */ = {
			isa = PBXTargetDependency;
			target = 58560BD12811B81600772BA9 /* GBShop */;
			targetProxy = 58560BF32811B81900772BA9 /* PBXContainerItemProxy */;
		};
/* End PBXTargetDependency section */

/* Begin PBXVariantGroup section */
		58560BE02811B81900772BA9 /* LaunchScreen.storyboard */ = {
			isa = PBXVariantGroup;
			children = (
				58560BE12811B81900772BA9 /* Base */,
			);
			name = LaunchScreen.storyboard;
			path = GBShop/Resources;
			sourceTree = SOURCE_ROOT;
		};
/* End PBXVariantGroup section */

/* Begin XCBuildConfiguration section */
		58560BFA2811B81900772BA9 /* Debug */ = {
			isa = XCBuildConfiguration;
			buildSettings = {
				ALWAYS_SEARCH_USER_PATHS = NO;
				CLANG_ANALYZER_NONNULL = YES;
				CLANG_ANALYZER_NUMBER_OBJECT_CONVERSION = YES_AGGRESSIVE;
				CLANG_CXX_LANGUAGE_STANDARD = "gnu++17";
				CLANG_ENABLE_MODULES = YES;
				CLANG_ENABLE_OBJC_ARC = YES;
				CLANG_ENABLE_OBJC_WEAK = YES;
				CLANG_WARN_BLOCK_CAPTURE_AUTORELEASING = YES;
				CLANG_WARN_BOOL_CONVERSION = YES;
				CLANG_WARN_COMMA = YES;
				CLANG_WARN_CONSTANT_CONVERSION = YES;
				CLANG_WARN_DEPRECATED_OBJC_IMPLEMENTATIONS = YES;
				CLANG_WARN_DIRECT_OBJC_ISA_USAGE = YES_ERROR;
				CLANG_WARN_DOCUMENTATION_COMMENTS = YES;
				CLANG_WARN_EMPTY_BODY = YES;
				CLANG_WARN_ENUM_CONVERSION = YES;
				CLANG_WARN_INFINITE_RECURSION = YES;
				CLANG_WARN_INT_CONVERSION = YES;
				CLANG_WARN_NON_LITERAL_NULL_CONVERSION = YES;
				CLANG_WARN_OBJC_IMPLICIT_RETAIN_SELF = YES;
				CLANG_WARN_OBJC_LITERAL_CONVERSION = YES;
				CLANG_WARN_OBJC_ROOT_CLASS = YES_ERROR;
				CLANG_WARN_QUOTED_INCLUDE_IN_FRAMEWORK_HEADER = YES;
				CLANG_WARN_RANGE_LOOP_ANALYSIS = YES;
				CLANG_WARN_STRICT_PROTOTYPES = YES;
				CLANG_WARN_SUSPICIOUS_MOVE = YES;
				CLANG_WARN_UNGUARDED_AVAILABILITY = YES_AGGRESSIVE;
				CLANG_WARN_UNREACHABLE_CODE = YES;
				CLANG_WARN__DUPLICATE_METHOD_MATCH = YES;
				COPY_PHASE_STRIP = NO;
				DEBUG_INFORMATION_FORMAT = dwarf;
				ENABLE_STRICT_OBJC_MSGSEND = YES;
				ENABLE_TESTABILITY = YES;
				GCC_C_LANGUAGE_STANDARD = gnu11;
				GCC_DYNAMIC_NO_PIC = NO;
				GCC_NO_COMMON_BLOCKS = YES;
				GCC_OPTIMIZATION_LEVEL = 0;
				GCC_PREPROCESSOR_DEFINITIONS = (
					"DEBUG=1",
					"$(inherited)",
				);
				GCC_WARN_64_TO_32_BIT_CONVERSION = YES;
				GCC_WARN_ABOUT_RETURN_TYPE = YES_ERROR;
				GCC_WARN_UNDECLARED_SELECTOR = YES;
				GCC_WARN_UNINITIALIZED_AUTOS = YES_AGGRESSIVE;
				GCC_WARN_UNUSED_FUNCTION = YES;
				GCC_WARN_UNUSED_VARIABLE = YES;
				IPHONEOS_DEPLOYMENT_TARGET = 15.4;
				MTL_ENABLE_DEBUG_INFO = INCLUDE_SOURCE;
				MTL_FAST_MATH = YES;
				ONLY_ACTIVE_ARCH = YES;
				SDKROOT = iphoneos;
				SWIFT_ACTIVE_COMPILATION_CONDITIONS = DEBUG;
				SWIFT_OPTIMIZATION_LEVEL = "-Onone";
			};
			name = Debug;
		};
		58560BFB2811B81900772BA9 /* Release */ = {
			isa = XCBuildConfiguration;
			buildSettings = {
				ALWAYS_SEARCH_USER_PATHS = NO;
				CLANG_ANALYZER_NONNULL = YES;
				CLANG_ANALYZER_NUMBER_OBJECT_CONVERSION = YES_AGGRESSIVE;
				CLANG_CXX_LANGUAGE_STANDARD = "gnu++17";
				CLANG_ENABLE_MODULES = YES;
				CLANG_ENABLE_OBJC_ARC = YES;
				CLANG_ENABLE_OBJC_WEAK = YES;
				CLANG_WARN_BLOCK_CAPTURE_AUTORELEASING = YES;
				CLANG_WARN_BOOL_CONVERSION = YES;
				CLANG_WARN_COMMA = YES;
				CLANG_WARN_CONSTANT_CONVERSION = YES;
				CLANG_WARN_DEPRECATED_OBJC_IMPLEMENTATIONS = YES;
				CLANG_WARN_DIRECT_OBJC_ISA_USAGE = YES_ERROR;
				CLANG_WARN_DOCUMENTATION_COMMENTS = YES;
				CLANG_WARN_EMPTY_BODY = YES;
				CLANG_WARN_ENUM_CONVERSION = YES;
				CLANG_WARN_INFINITE_RECURSION = YES;
				CLANG_WARN_INT_CONVERSION = YES;
				CLANG_WARN_NON_LITERAL_NULL_CONVERSION = YES;
				CLANG_WARN_OBJC_IMPLICIT_RETAIN_SELF = YES;
				CLANG_WARN_OBJC_LITERAL_CONVERSION = YES;
				CLANG_WARN_OBJC_ROOT_CLASS = YES_ERROR;
				CLANG_WARN_QUOTED_INCLUDE_IN_FRAMEWORK_HEADER = YES;
				CLANG_WARN_RANGE_LOOP_ANALYSIS = YES;
				CLANG_WARN_STRICT_PROTOTYPES = YES;
				CLANG_WARN_SUSPICIOUS_MOVE = YES;
				CLANG_WARN_UNGUARDED_AVAILABILITY = YES_AGGRESSIVE;
				CLANG_WARN_UNREACHABLE_CODE = YES;
				CLANG_WARN__DUPLICATE_METHOD_MATCH = YES;
				COPY_PHASE_STRIP = NO;
				DEBUG_INFORMATION_FORMAT = "dwarf-with-dsym";
				ENABLE_NS_ASSERTIONS = NO;
				ENABLE_STRICT_OBJC_MSGSEND = YES;
				GCC_C_LANGUAGE_STANDARD = gnu11;
				GCC_NO_COMMON_BLOCKS = YES;
				GCC_WARN_64_TO_32_BIT_CONVERSION = YES;
				GCC_WARN_ABOUT_RETURN_TYPE = YES_ERROR;
				GCC_WARN_UNDECLARED_SELECTOR = YES;
				GCC_WARN_UNINITIALIZED_AUTOS = YES_AGGRESSIVE;
				GCC_WARN_UNUSED_FUNCTION = YES;
				GCC_WARN_UNUSED_VARIABLE = YES;
				IPHONEOS_DEPLOYMENT_TARGET = 15.4;
				MTL_ENABLE_DEBUG_INFO = NO;
				MTL_FAST_MATH = YES;
				SDKROOT = iphoneos;
				SWIFT_COMPILATION_MODE = wholemodule;
				SWIFT_OPTIMIZATION_LEVEL = "-O";
				VALIDATE_PRODUCT = YES;
			};
			name = Release;
		};
		58560BFD2811B81900772BA9 /* Debug */ = {
			isa = XCBuildConfiguration;
			buildSettings = {
				ASSETCATALOG_COMPILER_APPICON_NAME = AppIcon;
				ASSETCATALOG_COMPILER_GLOBAL_ACCENT_COLOR_NAME = AccentColor;
				CODE_SIGN_STYLE = Automatic;
				CURRENT_PROJECT_VERSION = 1;
				DEVELOPMENT_TEAM = V2THZTN36Q;
				GENERATE_INFOPLIST_FILE = YES;
				INFOPLIST_FILE = GBShop/Environments/Info.plist;
				INFOPLIST_KEY_UIApplicationSupportsIndirectInputEvents = YES;
				INFOPLIST_KEY_UILaunchStoryboardName = LaunchScreen;
				INFOPLIST_KEY_UISupportedInterfaceOrientations_iPad = "UIInterfaceOrientationPortrait UIInterfaceOrientationPortraitUpsideDown UIInterfaceOrientationLandscapeLeft UIInterfaceOrientationLandscapeRight";
				INFOPLIST_KEY_UISupportedInterfaceOrientations_iPhone = "UIInterfaceOrientationPortrait UIInterfaceOrientationLandscapeLeft UIInterfaceOrientationLandscapeRight";
				LD_RUNPATH_SEARCH_PATHS = (
					"$(inherited)",
					"@executable_path/Frameworks",
				);
				MARKETING_VERSION = 1.0;
				PRODUCT_BUNDLE_IDENTIFIER = com.company.GBShop;
				PRODUCT_NAME = "$(TARGET_NAME)";
				SWIFT_EMIT_LOC_STRINGS = YES;
				SWIFT_VERSION = 5.0;
				TARGETED_DEVICE_FAMILY = 1;
			};
			name = Debug;
		};
		58560BFE2811B81900772BA9 /* Release */ = {
			isa = XCBuildConfiguration;
			buildSettings = {
				ASSETCATALOG_COMPILER_APPICON_NAME = AppIcon;
				ASSETCATALOG_COMPILER_GLOBAL_ACCENT_COLOR_NAME = AccentColor;
				CODE_SIGN_STYLE = Automatic;
				CURRENT_PROJECT_VERSION = 1;
				DEVELOPMENT_TEAM = V2THZTN36Q;
				GENERATE_INFOPLIST_FILE = YES;
				INFOPLIST_FILE = GBShop/Environments/Info.plist;
				INFOPLIST_KEY_UIApplicationSupportsIndirectInputEvents = YES;
				INFOPLIST_KEY_UILaunchStoryboardName = LaunchScreen;
				INFOPLIST_KEY_UISupportedInterfaceOrientations_iPad = "UIInterfaceOrientationPortrait UIInterfaceOrientationPortraitUpsideDown UIInterfaceOrientationLandscapeLeft UIInterfaceOrientationLandscapeRight";
				INFOPLIST_KEY_UISupportedInterfaceOrientations_iPhone = "UIInterfaceOrientationPortrait UIInterfaceOrientationLandscapeLeft UIInterfaceOrientationLandscapeRight";
				LD_RUNPATH_SEARCH_PATHS = (
					"$(inherited)",
					"@executable_path/Frameworks",
				);
				MARKETING_VERSION = 1.0;
				PRODUCT_BUNDLE_IDENTIFIER = com.company.GBShop;
				PRODUCT_NAME = "$(TARGET_NAME)";
				SWIFT_EMIT_LOC_STRINGS = YES;
				SWIFT_VERSION = 5.0;
				TARGETED_DEVICE_FAMILY = 1;
			};
			name = Release;
		};
		58560C002811B81900772BA9 /* Debug */ = {
			isa = XCBuildConfiguration;
			buildSettings = {
				ALWAYS_EMBED_SWIFT_STANDARD_LIBRARIES = YES;
				BUNDLE_LOADER = "$(TEST_HOST)";
				CODE_SIGN_STYLE = Automatic;
				CURRENT_PROJECT_VERSION = 1;
				DEVELOPMENT_TEAM = V2THZTN36Q;
				GENERATE_INFOPLIST_FILE = YES;
				IPHONEOS_DEPLOYMENT_TARGET = 15.4;
				MARKETING_VERSION = 1.0;
				PRODUCT_BUNDLE_IDENTIFIER = com.company.GBShopTests;
				PRODUCT_NAME = "$(TARGET_NAME)";
				SWIFT_EMIT_LOC_STRINGS = NO;
				SWIFT_VERSION = 5.0;
				TARGETED_DEVICE_FAMILY = "1,2";
				TEST_HOST = "$(BUILT_PRODUCTS_DIR)/GBShop.app/GBShop";
			};
			name = Debug;
		};
		58560C012811B81900772BA9 /* Release */ = {
			isa = XCBuildConfiguration;
			buildSettings = {
				ALWAYS_EMBED_SWIFT_STANDARD_LIBRARIES = YES;
				BUNDLE_LOADER = "$(TEST_HOST)";
				CODE_SIGN_STYLE = Automatic;
				CURRENT_PROJECT_VERSION = 1;
				DEVELOPMENT_TEAM = V2THZTN36Q;
				GENERATE_INFOPLIST_FILE = YES;
				IPHONEOS_DEPLOYMENT_TARGET = 15.4;
				MARKETING_VERSION = 1.0;
				PRODUCT_BUNDLE_IDENTIFIER = com.company.GBShopTests;
				PRODUCT_NAME = "$(TARGET_NAME)";
				SWIFT_EMIT_LOC_STRINGS = NO;
				SWIFT_VERSION = 5.0;
				TARGETED_DEVICE_FAMILY = "1,2";
				TEST_HOST = "$(BUILT_PRODUCTS_DIR)/GBShop.app/GBShop";
			};
			name = Release;
		};
		58560C032811B81900772BA9 /* Debug */ = {
			isa = XCBuildConfiguration;
			buildSettings = {
				ALWAYS_EMBED_SWIFT_STANDARD_LIBRARIES = YES;
				CODE_SIGN_STYLE = Automatic;
				CURRENT_PROJECT_VERSION = 1;
				DEVELOPMENT_TEAM = V2THZTN36Q;
				GENERATE_INFOPLIST_FILE = YES;
				MARKETING_VERSION = 1.0;
				PRODUCT_BUNDLE_IDENTIFIER = com.company.GBShopUITests;
				PRODUCT_NAME = "$(TARGET_NAME)";
				SWIFT_EMIT_LOC_STRINGS = NO;
				SWIFT_VERSION = 5.0;
				TARGETED_DEVICE_FAMILY = "1,2";
				TEST_TARGET_NAME = GBShop;
			};
			name = Debug;
		};
		58560C042811B81900772BA9 /* Release */ = {
			isa = XCBuildConfiguration;
			buildSettings = {
				ALWAYS_EMBED_SWIFT_STANDARD_LIBRARIES = YES;
				CODE_SIGN_STYLE = Automatic;
				CURRENT_PROJECT_VERSION = 1;
				DEVELOPMENT_TEAM = V2THZTN36Q;
				GENERATE_INFOPLIST_FILE = YES;
				MARKETING_VERSION = 1.0;
				PRODUCT_BUNDLE_IDENTIFIER = com.company.GBShopUITests;
				PRODUCT_NAME = "$(TARGET_NAME)";
				SWIFT_EMIT_LOC_STRINGS = NO;
				SWIFT_VERSION = 5.0;
				TARGETED_DEVICE_FAMILY = "1,2";
				TEST_TARGET_NAME = GBShop;
			};
			name = Release;
		};
/* End XCBuildConfiguration section */

/* Begin XCConfigurationList section */
		58560BCD2811B81600772BA9 /* Build configuration list for PBXProject "GBShop" */ = {
			isa = XCConfigurationList;
			buildConfigurations = (
				58560BFA2811B81900772BA9 /* Debug */,
				58560BFB2811B81900772BA9 /* Release */,
			);
			defaultConfigurationIsVisible = 0;
			defaultConfigurationName = Release;
		};
		58560BFC2811B81900772BA9 /* Build configuration list for PBXNativeTarget "GBShop" */ = {
			isa = XCConfigurationList;
			buildConfigurations = (
				58560BFD2811B81900772BA9 /* Debug */,
				58560BFE2811B81900772BA9 /* Release */,
			);
			defaultConfigurationIsVisible = 0;
			defaultConfigurationName = Release;
		};
		58560BFF2811B81900772BA9 /* Build configuration list for PBXNativeTarget "GBShopTests" */ = {
			isa = XCConfigurationList;
			buildConfigurations = (
				58560C002811B81900772BA9 /* Debug */,
				58560C012811B81900772BA9 /* Release */,
			);
			defaultConfigurationIsVisible = 0;
			defaultConfigurationName = Release;
		};
		58560C022811B81900772BA9 /* Build configuration list for PBXNativeTarget "GBShopUITests" */ = {
			isa = XCConfigurationList;
			buildConfigurations = (
				58560C032811B81900772BA9 /* Debug */,
				58560C042811B81900772BA9 /* Release */,
			);
			defaultConfigurationIsVisible = 0;
			defaultConfigurationName = Release;
		};
/* End XCConfigurationList section */

/* Begin XCRemoteSwiftPackageReference section */
		52741B52284CEC8F003E91F4 /* XCRemoteSwiftPackageReference "SnapKit" */ = {
			isa = XCRemoteSwiftPackageReference;
			repositoryURL = "https://github.com/SnapKit/SnapKit";
			requirement = {
				kind = upToNextMajorVersion;
				minimumVersion = 5.6.0;
			};
		};
		58BFCA4F2813EC6500F4A76B /* XCRemoteSwiftPackageReference "Alamofire" */ = {
			isa = XCRemoteSwiftPackageReference;
			repositoryURL = "https://github.com/Alamofire/Alamofire.git";
			requirement = {
				kind = upToNextMajorVersion;
				minimumVersion = 5.6.1;
			};
		};
/* End XCRemoteSwiftPackageReference section */

/* Begin XCSwiftPackageProductDependency section */
		52741B53284CEC8F003E91F4 /* SnapKit */ = {
			isa = XCSwiftPackageProductDependency;
			package = 52741B52284CEC8F003E91F4 /* XCRemoteSwiftPackageReference "SnapKit" */;
			productName = SnapKit;
		};
		58BFCA502813EC6500F4A76B /* Alamofire */ = {
			isa = XCSwiftPackageProductDependency;
			package = 58BFCA4F2813EC6500F4A76B /* XCRemoteSwiftPackageReference "Alamofire" */;
			productName = Alamofire;
		};
/* End XCSwiftPackageProductDependency section */
	};
	rootObject = 58560BCA2811B81600772BA9 /* Project object */;
}
